// !$*UTF8*$!
{
	archiveVersion = 1;
	classes = {
	};
	objectVersion = 46;
	objects = {

/* Begin PBXBuildFile section */
		03B109501340780900987B77 /* UIKit.framework in Frameworks */ = {isa = PBXBuildFile; fileRef = 03B1094F1340780900987B77 /* UIKit.framework */; };
		03B109521340780900987B77 /* Foundation.framework in Frameworks */ = {isa = PBXBuildFile; fileRef = 03B109511340780900987B77 /* Foundation.framework */; };
		03B109541340780900987B77 /* CoreGraphics.framework in Frameworks */ = {isa = PBXBuildFile; fileRef = 03B109531340780900987B77 /* CoreGraphics.framework */; };
		03B1095A1340780900987B77 /* InfoPlist.strings in Resources */ = {isa = PBXBuildFile; fileRef = 03B109581340780900987B77 /* InfoPlist.strings */; };
		03B1095D1340780900987B77 /* main.m in Sources */ = {isa = PBXBuildFile; fileRef = 03B1095C1340780900987B77 /* main.m */; };
		03B109601340780900987B77 /* MemeYourselfAppDelegate.m in Sources */ = {isa = PBXBuildFile; fileRef = 03B1095F1340780900987B77 /* MemeYourselfAppDelegate.m */; };
		03B109631340780900987B77 /* MainWindow.xib in Resources */ = {isa = PBXBuildFile; fileRef = 03B109611340780900987B77 /* MainWindow.xib */; };
		03B109791340788200987B77 /* MemeArchiveViewController.m in Sources */ = {isa = PBXBuildFile; fileRef = 03B109771340788200987B77 /* MemeArchiveViewController.m */; };
		03B1097A1340788200987B77 /* MemeArchiveViewController.xib in Resources */ = {isa = PBXBuildFile; fileRef = 03B109781340788200987B77 /* MemeArchiveViewController.xib */; };
		03B1097F1340791700987B77 /* MemeCreatorViewController.m in Sources */ = {isa = PBXBuildFile; fileRef = 03B1097D1340791700987B77 /* MemeCreatorViewController.m */; };
		03B109801340791700987B77 /* MemeCreatorViewController.xib in Resources */ = {isa = PBXBuildFile; fileRef = 03B1097E1340791700987B77 /* MemeCreatorViewController.xib */; };
		03B1098B13407F5B00987B77 /* UIImageResizing.m in Sources */ = {isa = PBXBuildFile; fileRef = 03B1098A13407F5B00987B77 /* UIImageResizing.m */; };
		03B1098D13407FB200987B77 /* test.jpg in Resources */ = {isa = PBXBuildFile; fileRef = 03B1098C13407FB200987B77 /* test.jpg */; };
		03B10992134084E900987B77 /* MemeDetailViewController.m in Sources */ = {isa = PBXBuildFile; fileRef = 03B10990134084E900987B77 /* MemeDetailViewController.m */; };
		03B10993134084E900987B77 /* MemeDetailViewController.xib in Resources */ = {isa = PBXBuildFile; fileRef = 03B10991134084E900987B77 /* MemeDetailViewController.xib */; };
		03B1099713409F1F00987B77 /* MXOutlineLabel.m in Sources */ = {isa = PBXBuildFile; fileRef = 03B1099613409F1F00987B77 /* MXOutlineLabel.m */; };
		03B109A61340B16000987B77 /* SelectMemeViewController.m in Sources */ = {isa = PBXBuildFile; fileRef = 03B109A41340B16000987B77 /* SelectMemeViewController.m */; };
		03B109A71340B16000987B77 /* SelectMemeViewController.xib in Resources */ = {isa = PBXBuildFile; fileRef = 03B109A51340B16000987B77 /* SelectMemeViewController.xib */; };
		03B109AA1340B26B00987B77 /* MXUtil.m in Sources */ = {isa = PBXBuildFile; fileRef = 03B109A91340B26B00987B77 /* MXUtil.m */; };
		03B109AC1340D01000987B77 /* MessageUI.framework in Frameworks */ = {isa = PBXBuildFile; fileRef = 03B109AB1340D00F00987B77 /* MessageUI.framework */; };
/* End PBXBuildFile section */

/* Begin PBXFileReference section */
		03B1094B1340780900987B77 /* MemeYourself.app */ = {isa = PBXFileReference; explicitFileType = wrapper.application; includeInIndex = 0; path = MemeYourself.app; sourceTree = BUILT_PRODUCTS_DIR; };
		03B1094F1340780900987B77 /* UIKit.framework */ = {isa = PBXFileReference; lastKnownFileType = wrapper.framework; name = UIKit.framework; path = System/Library/Frameworks/UIKit.framework; sourceTree = SDKROOT; };
		03B109511340780900987B77 /* Foundation.framework */ = {isa = PBXFileReference; lastKnownFileType = wrapper.framework; name = Foundation.framework; path = System/Library/Frameworks/Foundation.framework; sourceTree = SDKROOT; };
		03B109531340780900987B77 /* CoreGraphics.framework */ = {isa = PBXFileReference; lastKnownFileType = wrapper.framework; name = CoreGraphics.framework; path = System/Library/Frameworks/CoreGraphics.framework; sourceTree = SDKROOT; };
		03B109571340780900987B77 /* MemeYourself-Info.plist */ = {isa = PBXFileReference; lastKnownFileType = text.plist.xml; path = "MemeYourself-Info.plist"; sourceTree = "<group>"; };
		03B109591340780900987B77 /* en */ = {isa = PBXFileReference; lastKnownFileType = text.plist.strings; name = en; path = en.lproj/InfoPlist.strings; sourceTree = "<group>"; };
		03B1095B1340780900987B77 /* MemeYourself-Prefix.pch */ = {isa = PBXFileReference; lastKnownFileType = sourcecode.c.h; path = "MemeYourself-Prefix.pch"; sourceTree = "<group>"; };
		03B1095C1340780900987B77 /* main.m */ = {isa = PBXFileReference; lastKnownFileType = sourcecode.c.objc; path = main.m; sourceTree = "<group>"; };
		03B1095E1340780900987B77 /* MemeYourselfAppDelegate.h */ = {isa = PBXFileReference; lastKnownFileType = sourcecode.c.h; path = MemeYourselfAppDelegate.h; sourceTree = "<group>"; };
		03B1095F1340780900987B77 /* MemeYourselfAppDelegate.m */ = {isa = PBXFileReference; lastKnownFileType = sourcecode.c.objc; path = MemeYourselfAppDelegate.m; sourceTree = "<group>"; };
		03B109621340780900987B77 /* en */ = {isa = PBXFileReference; lastKnownFileType = file.xib; name = en; path = en.lproj/MainWindow.xib; sourceTree = "<group>"; };
		03B109761340788200987B77 /* MemeArchiveViewController.h */ = {isa = PBXFileReference; fileEncoding = 4; lastKnownFileType = sourcecode.c.h; path = MemeArchiveViewController.h; sourceTree = "<group>"; };
		03B109771340788200987B77 /* MemeArchiveViewController.m */ = {isa = PBXFileReference; fileEncoding = 4; lastKnownFileType = sourcecode.c.objc; path = MemeArchiveViewController.m; sourceTree = "<group>"; };
		03B109781340788200987B77 /* MemeArchiveViewController.xib */ = {isa = PBXFileReference; fileEncoding = 4; lastKnownFileType = file.xib; path = MemeArchiveViewController.xib; sourceTree = "<group>"; };
		03B1097C1340791700987B77 /* MemeCreatorViewController.h */ = {isa = PBXFileReference; fileEncoding = 4; lastKnownFileType = sourcecode.c.h; path = MemeCreatorViewController.h; sourceTree = "<group>"; };
		03B1097D1340791700987B77 /* MemeCreatorViewController.m */ = {isa = PBXFileReference; fileEncoding = 4; lastKnownFileType = sourcecode.c.objc; path = MemeCreatorViewController.m; sourceTree = "<group>"; };
		03B1097E1340791700987B77 /* MemeCreatorViewController.xib */ = {isa = PBXFileReference; fileEncoding = 4; lastKnownFileType = file.xib; path = MemeCreatorViewController.xib; sourceTree = "<group>"; };
		03B1098913407F5B00987B77 /* UIImageResizing.h */ = {isa = PBXFileReference; fileEncoding = 4; lastKnownFileType = sourcecode.c.h; path = UIImageResizing.h; sourceTree = "<group>"; };
		03B1098A13407F5B00987B77 /* UIImageResizing.m */ = {isa = PBXFileReference; fileEncoding = 4; lastKnownFileType = sourcecode.c.objc; path = UIImageResizing.m; sourceTree = "<group>"; };
		03B1098C13407FB200987B77 /* test.jpg */ = {isa = PBXFileReference; lastKnownFileType = image.jpeg; path = test.jpg; sourceTree = "<group>"; };
		03B1098F134084E900987B77 /* MemeDetailViewController.h */ = {isa = PBXFileReference; fileEncoding = 4; lastKnownFileType = sourcecode.c.h; path = MemeDetailViewController.h; sourceTree = "<group>"; };
		03B10990134084E900987B77 /* MemeDetailViewController.m */ = {isa = PBXFileReference; fileEncoding = 4; lastKnownFileType = sourcecode.c.objc; path = MemeDetailViewController.m; sourceTree = "<group>"; };
		03B10991134084E900987B77 /* MemeDetailViewController.xib */ = {isa = PBXFileReference; fileEncoding = 4; lastKnownFileType = file.xib; path = MemeDetailViewController.xib; sourceTree = "<group>"; };
		03B1099513409F1F00987B77 /* MXOutlineLabel.h */ = {isa = PBXFileReference; fileEncoding = 4; lastKnownFileType = sourcecode.c.h; path = MXOutlineLabel.h; sourceTree = "<group>"; };
		03B1099613409F1F00987B77 /* MXOutlineLabel.m */ = {isa = PBXFileReference; fileEncoding = 4; lastKnownFileType = sourcecode.c.objc; path = MXOutlineLabel.m; sourceTree = "<group>"; };
		03B109A31340B16000987B77 /* SelectMemeViewController.h */ = {isa = PBXFileReference; fileEncoding = 4; lastKnownFileType = sourcecode.c.h; path = SelectMemeViewController.h; sourceTree = "<group>"; };
		03B109A41340B16000987B77 /* SelectMemeViewController.m */ = {isa = PBXFileReference; fileEncoding = 4; lastKnownFileType = sourcecode.c.objc; path = SelectMemeViewController.m; sourceTree = "<group>"; };
		03B109A51340B16000987B77 /* SelectMemeViewController.xib */ = {isa = PBXFileReference; fileEncoding = 4; lastKnownFileType = file.xib; path = SelectMemeViewController.xib; sourceTree = "<group>"; };
		03B109A81340B26B00987B77 /* MXUtil.h */ = {isa = PBXFileReference; fileEncoding = 4; lastKnownFileType = sourcecode.c.h; path = MXUtil.h; sourceTree = "<group>"; };
		03B109A91340B26B00987B77 /* MXUtil.m */ = {isa = PBXFileReference; fileEncoding = 4; lastKnownFileType = sourcecode.c.objc; path = MXUtil.m; sourceTree = "<group>"; };
		03B109AB1340D00F00987B77 /* MessageUI.framework */ = {isa = PBXFileReference; lastKnownFileType = wrapper.framework; name = MessageUI.framework; path = System/Library/Frameworks/MessageUI.framework; sourceTree = SDKROOT; };
/* End PBXFileReference section */

/* Begin PBXFrameworksBuildPhase section */
		03B109481340780900987B77 /* Frameworks */ = {
			isa = PBXFrameworksBuildPhase;
			buildActionMask = 2147483647;
			files = (
				03B109AC1340D01000987B77 /* MessageUI.framework in Frameworks */,
				03B109501340780900987B77 /* UIKit.framework in Frameworks */,
				03B109521340780900987B77 /* Foundation.framework in Frameworks */,
				03B109541340780900987B77 /* CoreGraphics.framework in Frameworks */,
			);
			runOnlyForDeploymentPostprocessing = 0;
		};
/* End PBXFrameworksBuildPhase section */

/* Begin PBXGroup section */
		03B109401340780900987B77 = {
			isa = PBXGroup;
			children = (
				03B109551340780900987B77 /* MemeYourself */,
				03B1094E1340780900987B77 /* Frameworks */,
				03B1094C1340780900987B77 /* Products */,
			);
			sourceTree = "<group>";
		};
		03B1094C1340780900987B77 /* Products */ = {
			isa = PBXGroup;
			children = (
				03B1094B1340780900987B77 /* MemeYourself.app */,
			);
			name = Products;
			sourceTree = "<group>";
		};
		03B1094E1340780900987B77 /* Frameworks */ = {
			isa = PBXGroup;
			children = (
				03B109AB1340D00F00987B77 /* MessageUI.framework */,
				03B1094F1340780900987B77 /* UIKit.framework */,
				03B109511340780900987B77 /* Foundation.framework */,
				03B109531340780900987B77 /* CoreGraphics.framework */,
			);
			name = Frameworks;
			sourceTree = "<group>";
		};
		03B109551340780900987B77 /* MemeYourself */ = {
			isa = PBXGroup;
			children = (
				03B1099413409F0A00987B77 /* Outline Label */,
				03B1097B1340790500987B77 /* Meme Creator View */,
				03B109751340784800987B77 /* Archive View */,
				03B1095E1340780900987B77 /* MemeYourselfAppDelegate.h */,
				03B1095F1340780900987B77 /* MemeYourselfAppDelegate.m */,
				03B109611340780900987B77 /* MainWindow.xib */,
				03B109561340780900987B77 /* Supporting Files */,
			);
			path = MemeYourself;
			sourceTree = "<group>";
		};
		03B109561340780900987B77 /* Supporting Files */ = {
			isa = PBXGroup;
			children = (
				03B1098C13407FB200987B77 /* test.jpg */,
				03B1098913407F5B00987B77 /* UIImageResizing.h */,
				03B1098A13407F5B00987B77 /* UIImageResizing.m */,
				03B109571340780900987B77 /* MemeYourself-Info.plist */,
				03B109581340780900987B77 /* InfoPlist.strings */,
				03B1095B1340780900987B77 /* MemeYourself-Prefix.pch */,
				03B1095C1340780900987B77 /* main.m */,
				03B109A81340B26B00987B77 /* MXUtil.h */,
				03B109A91340B26B00987B77 /* MXUtil.m */,
			);
			name = "Supporting Files";
			sourceTree = "<group>";
		};
		03B109751340784800987B77 /* Archive View */ = {
			isa = PBXGroup;
			children = (
				03B1098E134084D900987B77 /* Meme Detail View */,
				03B109761340788200987B77 /* MemeArchiveViewController.h */,
				03B109771340788200987B77 /* MemeArchiveViewController.m */,
				03B109781340788200987B77 /* MemeArchiveViewController.xib */,
			);
			name = "Archive View";
			sourceTree = "<group>";
		};
		03B1097B1340790500987B77 /* Meme Creator View */ = {
			isa = PBXGroup;
			children = (
				03B109A21340B12700987B77 /* Select Meme View */,
				03B1097C1340791700987B77 /* MemeCreatorViewController.h */,
				03B1097D1340791700987B77 /* MemeCreatorViewController.m */,
				03B1097E1340791700987B77 /* MemeCreatorViewController.xib */,
			);
			name = "Meme Creator View";
			sourceTree = "<group>";
		};
		03B1098E134084D900987B77 /* Meme Detail View */ = {
			isa = PBXGroup;
			children = (
				03B1098F134084E900987B77 /* MemeDetailViewController.h */,
				03B10990134084E900987B77 /* MemeDetailViewController.m */,
				03B10991134084E900987B77 /* MemeDetailViewController.xib */,
			);
			name = "Meme Detail View";
			sourceTree = "<group>";
		};
		03B1099413409F0A00987B77 /* Outline Label */ = {
			isa = PBXGroup;
			children = (
				03B1099513409F1F00987B77 /* MXOutlineLabel.h */,
				03B1099613409F1F00987B77 /* MXOutlineLabel.m */,
			);
			name = "Outline Label";
			sourceTree = "<group>";
		};
		03B109A21340B12700987B77 /* Select Meme View */ = {
			isa = PBXGroup;
			children = (
				03B109A31340B16000987B77 /* SelectMemeViewController.h */,
				03B109A41340B16000987B77 /* SelectMemeViewController.m */,
				03B109A51340B16000987B77 /* SelectMemeViewController.xib */,
			);
			name = "Select Meme View";
			sourceTree = "<group>";
		};
/* End PBXGroup section */

/* Begin PBXNativeTarget section */
		03B1094A1340780900987B77 /* MemeYourself */ = {
			isa = PBXNativeTarget;
			buildConfigurationList = 03B109721340780A00987B77 /* Build configuration list for PBXNativeTarget "MemeYourself" */;
			buildPhases = (
				03B109471340780900987B77 /* Sources */,
				03B109481340780900987B77 /* Frameworks */,
				03B109491340780900987B77 /* Resources */,
			);
			buildRules = (
			);
			dependencies = (
			);
			name = MemeYourself;
			productName = MemeYourself;
			productReference = 03B1094B1340780900987B77 /* MemeYourself.app */;
			productType = "com.apple.product-type.application";
		};
/* End PBXNativeTarget section */

/* Begin PBXProject section */
		03B109421340780900987B77 /* Project object */ = {
			isa = PBXProject;
			buildConfigurationList = 03B109451340780900987B77 /* Build configuration list for PBXProject "MemeYourself" */;
			compatibilityVersion = "Xcode 3.2";
			developmentRegion = English;
			hasScannedForEncodings = 0;
			knownRegions = (
				en,
			);
			mainGroup = 03B109401340780900987B77;
			productRefGroup = 03B1094C1340780900987B77 /* Products */;
			projectDirPath = "";
			projectRoot = "";
			targets = (
				03B1094A1340780900987B77 /* MemeYourself */,
			);
		};
/* End PBXProject section */

/* Begin PBXResourcesBuildPhase section */
		03B109491340780900987B77 /* Resources */ = {
			isa = PBXResourcesBuildPhase;
			buildActionMask = 2147483647;
			files = (
				03B1095A1340780900987B77 /* InfoPlist.strings in Resources */,
				03B109631340780900987B77 /* MainWindow.xib in Resources */,
				03B1097A1340788200987B77 /* MemeArchiveViewController.xib in Resources */,
				03B109801340791700987B77 /* MemeCreatorViewController.xib in Resources */,
				03B1098D13407FB200987B77 /* test.jpg in Resources */,
				03B10993134084E900987B77 /* MemeDetailViewController.xib in Resources */,
				03B109A71340B16000987B77 /* SelectMemeViewController.xib in Resources */,
			);
			runOnlyForDeploymentPostprocessing = 0;
		};
/* End PBXResourcesBuildPhase section */

/* Begin PBXSourcesBuildPhase section */
		03B109471340780900987B77 /* Sources */ = {
			isa = PBXSourcesBuildPhase;
			buildActionMask = 2147483647;
			files = (
				03B1095D1340780900987B77 /* main.m in Sources */,
				03B109601340780900987B77 /* MemeYourselfAppDelegate.m in Sources */,
				03B109791340788200987B77 /* MemeArchiveViewController.m in Sources */,
				03B1097F1340791700987B77 /* MemeCreatorViewController.m in Sources */,
				03B1098B13407F5B00987B77 /* UIImageResizing.m in Sources */,
				03B10992134084E900987B77 /* MemeDetailViewController.m in Sources */,
				03B1099713409F1F00987B77 /* MXOutlineLabel.m in Sources */,
				03B109A61340B16000987B77 /* SelectMemeViewController.m in Sources */,
				03B109AA1340B26B00987B77 /* MXUtil.m in Sources */,
			);
			runOnlyForDeploymentPostprocessing = 0;
		};
/* End PBXSourcesBuildPhase section */

/* Begin PBXVariantGroup section */
		03B109581340780900987B77 /* InfoPlist.strings */ = {
			isa = PBXVariantGroup;
			children = (
				03B109591340780900987B77 /* en */,
			);
			name = InfoPlist.strings;
			sourceTree = "<group>";
		};
		03B109611340780900987B77 /* MainWindow.xib */ = {
			isa = PBXVariantGroup;
			children = (
				03B109621340780900987B77 /* en */,
			);
			name = MainWindow.xib;
			sourceTree = "<group>";
		};
/* End PBXVariantGroup section */

/* Begin XCBuildConfiguration section */
		03B109701340780A00987B77 /* Debug */ = {
			isa = XCBuildConfiguration;
			buildSettings = {
				ARCHS = "$(ARCHS_STANDARD_32_BIT)";
				"CODE_SIGN_IDENTITY[sdk=iphoneos*]" = "iPhone Developer";
				GCC_C_LANGUAGE_STANDARD = gnu99;
				GCC_OPTIMIZATION_LEVEL = 0;
				GCC_PREPROCESSOR_DEFINITIONS = DEBUG;
				GCC_SYMBOLS_PRIVATE_EXTERN = NO;
				GCC_VERSION = com.apple.compilers.llvmgcc42;
				GCC_WARN_ABOUT_RETURN_TYPE = YES;
				GCC_WARN_UNUSED_VARIABLE = YES;
				IPHONEOS_DEPLOYMENT_TARGET = 4.3;
				SDKROOT = iphoneos;
			};
			name = Debug;
		};
		03B109711340780A00987B77 /* Release */ = {
			isa = XCBuildConfiguration;
			buildSettings = {
				ARCHS = "$(ARCHS_STANDARD_32_BIT)";
				"CODE_SIGN_IDENTITY[sdk=iphoneos*]" = "iPhone Developer";
				GCC_C_LANGUAGE_STANDARD = gnu99;
				GCC_VERSION = com.apple.compilers.llvmgcc42;
				GCC_WARN_ABOUT_RETURN_TYPE = YES;
				GCC_WARN_UNUSED_VARIABLE = YES;
				IPHONEOS_DEPLOYMENT_TARGET = 4.3;
				OTHER_CFLAGS = "-DNS_BLOCK_ASSERTIONS=1";
				SDKROOT = iphoneos;
			};
			name = Release;
		};
		03B109731340780A00987B77 /* Debug */ = {
			isa = XCBuildConfiguration;
			buildSettings = {
				ALWAYS_SEARCH_USER_PATHS = NO;
				COPY_PHASE_STRIP = NO;
				GCC_DYNAMIC_NO_PIC = NO;
				GCC_PRECOMPILE_PREFIX_HEADER = YES;
				GCC_PREFIX_HEADER = "MemeYourself/MemeYourself-Prefix.pch";
				INFOPLIST_FILE = "MemeYourself/MemeYourself-Info.plist";
				PRODUCT_NAME = "$(TARGET_NAME)";
				WRAPPER_EXTENSION = app;
			};
			name = Debug;
		};
		03B109741340780A00987B77 /* Release */ = {
			isa = XCBuildConfiguration;
			buildSettings = {
				ALWAYS_SEARCH_USER_PATHS = NO;
				COPY_PHASE_STRIP = YES;
				GCC_PRECOMPILE_PREFIX_HEADER = YES;
				GCC_PREFIX_HEADER = "MemeYourself/MemeYourself-Prefix.pch";
				INFOPLIST_FILE = "MemeYourself/MemeYourself-Info.plist";
				PRODUCT_NAME = "$(TARGET_NAME)";
				VALIDATE_PRODUCT = YES;
				WRAPPER_EXTENSION = app;
			};
			name = Release;
		};
/* End XCBuildConfiguration section */

/* Begin XCConfigurationList section */
		03B109451340780900987B77 /* Build configuration list for PBXProject "MemeYourself" */ = {
			isa = XCConfigurationList;
			buildConfigurations = (
				03B109701340780A00987B77 /* Debug */,
				03B109711340780A00987B77 /* Release */,
			);
			defaultConfigurationIsVisible = 0;
			defaultConfigurationName = Release;
		};
		03B109721340780A00987B77 /* Build configuration list for PBXNativeTarget "MemeYourself" */ = {
			isa = XCConfigurationList;
			buildConfigurations = (
				03B109731340780A00987B77 /* Debug */,
				03B109741340780A00987B77 /* Release */,
			);
			defaultConfigurationIsVisible = 0;
		};
/* End XCConfigurationList section */
	};
	rootObject = 03B109421340780900987B77 /* Project object */;
}
