// !$*UTF8*$!
{
	archiveVersion = 1;
	classes = {
	};
	objectVersion = 46;
	objects = {

/* Begin PBXBuildFile section */
		030E943D1341B5B40007A133 /* VZUpload.m in Sources */ = {isa = PBXBuildFile; fileRef = 030E943C1341B5B40007A133 /* VZUpload.m */; };
		030E94401341B5DA0007A133 /* NSString+Additions.m in Sources */ = {isa = PBXBuildFile; fileRef = 030E943F1341B5DA0007A133 /* NSString+Additions.m */; };
		030E94431341B5E90007A133 /* VZHtlrUpload.m in Sources */ = {isa = PBXBuildFile; fileRef = 030E94421341B5E90007A133 /* VZHtlrUpload.m */; };
		030E94631341B9AD0007A133 /* Facebook.m in Sources */ = {isa = PBXBuildFile; fileRef = 030E944C1341B9AD0007A133 /* Facebook.m */; };
		030E94641341B9AD0007A133 /* FBDialog.bundle in Resources */ = {isa = PBXBuildFile; fileRef = 030E944E1341B9AD0007A133 /* FBDialog.bundle */; };
		030E94651341B9AD0007A133 /* FBDialog.m in Sources */ = {isa = PBXBuildFile; fileRef = 030E94501341B9AD0007A133 /* FBDialog.m */; };
		030E94661341B9AD0007A133 /* FBLoginDialog.m in Sources */ = {isa = PBXBuildFile; fileRef = 030E94521341B9AD0007A133 /* FBLoginDialog.m */; };
		030E94671341B9AD0007A133 /* FBRequest.m in Sources */ = {isa = PBXBuildFile; fileRef = 030E94541341B9AD0007A133 /* FBRequest.m */; };
		030E94681341B9AD0007A133 /* NSObject+SBJSON.m in Sources */ = {isa = PBXBuildFile; fileRef = 030E94581341B9AD0007A133 /* NSObject+SBJSON.m */; };
		030E94691341B9AD0007A133 /* NSString+SBJSON.m in Sources */ = {isa = PBXBuildFile; fileRef = 030E945A1341B9AD0007A133 /* NSString+SBJSON.m */; };
		030E946A1341B9AD0007A133 /* SBJSON.m in Sources */ = {isa = PBXBuildFile; fileRef = 030E945C1341B9AD0007A133 /* SBJSON.m */; };
		030E946B1341B9AD0007A133 /* SBJsonBase.m in Sources */ = {isa = PBXBuildFile; fileRef = 030E945E1341B9AD0007A133 /* SBJsonBase.m */; };
		030E946C1341B9AD0007A133 /* SBJsonParser.m in Sources */ = {isa = PBXBuildFile; fileRef = 030E94601341B9AD0007A133 /* SBJsonParser.m */; };
		030E946D1341B9AD0007A133 /* SBJsonWriter.m in Sources */ = {isa = PBXBuildFile; fileRef = 030E94621341B9AD0007A133 /* SBJsonWriter.m */; };
		030E94781341BCCD0007A133 /* FacebookSubmitController.mm in Sources */ = {isa = PBXBuildFile; fileRef = 030E94761341BCCD0007A133 /* FacebookSubmitController.mm */; };
		030E94791341BCCD0007A133 /* FacebookSubmitController.xib in Resources */ = {isa = PBXBuildFile; fileRef = 030E94771341BCCD0007A133 /* FacebookSubmitController.xib */; };
		030E947C1341BECC0007A133 /* NotificationSystem.mm in Sources */ = {isa = PBXBuildFile; fileRef = 030E947B1341BECC0007A133 /* NotificationSystem.mm */; };
		030E94811341D07B0007A133 /* MemeTemplateViewController.m in Sources */ = {isa = PBXBuildFile; fileRef = 030E947F1341D07B0007A133 /* MemeTemplateViewController.m */; };
		030E94821341D07B0007A133 /* MemeTemplateViewController.xib in Resources */ = {isa = PBXBuildFile; fileRef = 030E94801341D07B0007A133 /* MemeTemplateViewController.xib */; };
		030E94841341D2D10007A133 /* templates in Resources */ = {isa = PBXBuildFile; fileRef = 030E94831341D2CF0007A133 /* templates */; };
		030E94881341F0430007A133 /* VZImgurUpload.m in Sources */ = {isa = PBXBuildFile; fileRef = 030E94871341F0430007A133 /* VZImgurUpload.m */; };
		033F46D61343340600E8BCE5 /* takeapicture.png in Resources */ = {isa = PBXBuildFile; fileRef = 033F46D41343340600E8BCE5 /* takeapicture.png */; };
		033F46D71343340600E8BCE5 /* takeapicture@2x.png in Resources */ = {isa = PBXBuildFile; fileRef = 033F46D51343340600E8BCE5 /* takeapicture@2x.png */; };
		033F46DB134337FC00E8BCE5 /* 20-gear2.png in Resources */ = {isa = PBXBuildFile; fileRef = 033F46D9134337FC00E8BCE5 /* 20-gear2.png */; };
		033F46DC134337FC00E8BCE5 /* 20-gear2@2x.png in Resources */ = {isa = PBXBuildFile; fileRef = 033F46DA134337FC00E8BCE5 /* 20-gear2@2x.png */; };
		033F46DF1343382B00E8BCE5 /* 39-spraycan.png in Resources */ = {isa = PBXBuildFile; fileRef = 033F46DD1343382B00E8BCE5 /* 39-spraycan.png */; };
		033F46E01343382B00E8BCE5 /* 39-spraycan@2x.png in Resources */ = {isa = PBXBuildFile; fileRef = 033F46DE1343382B00E8BCE5 /* 39-spraycan@2x.png */; };
		033F46E3134338C700E8BCE5 /* 12-eye.png in Resources */ = {isa = PBXBuildFile; fileRef = 033F46E1134338C700E8BCE5 /* 12-eye.png */; };
		033F46E4134338C700E8BCE5 /* 12-eye@2x.png in Resources */ = {isa = PBXBuildFile; fileRef = 033F46E2134338C700E8BCE5 /* 12-eye@2x.png */; };
		033F46E7134338E800E8BCE5 /* 18-envelope.png in Resources */ = {isa = PBXBuildFile; fileRef = 033F46E5134338E800E8BCE5 /* 18-envelope.png */; };
		033F46E8134338E800E8BCE5 /* 18-envelope@2x.png in Resources */ = {isa = PBXBuildFile; fileRef = 033F46E6134338E800E8BCE5 /* 18-envelope@2x.png */; };
		033F46ED1343452A00E8BCE5 /* HelpViewController.m in Sources */ = {isa = PBXBuildFile; fileRef = 033F46EB1343452A00E8BCE5 /* HelpViewController.m */; };
		033F46EE1343452A00E8BCE5 /* HelpViewController.xib in Resources */ = {isa = PBXBuildFile; fileRef = 033F46EC1343452A00E8BCE5 /* HelpViewController.xib */; };
		033F46F11343475C00E8BCE5 /* capslock.html in Resources */ = {isa = PBXBuildFile; fileRef = 033F46F01343475C00E8BCE5 /* capslock.html */; };
		033F46F6134347D600E8BCE5 /* HelpDetailViewController.m in Sources */ = {isa = PBXBuildFile; fileRef = 033F46F4134347D600E8BCE5 /* HelpDetailViewController.m */; };
		033F46F7134347D600E8BCE5 /* HelpDetailViewController.xib in Resources */ = {isa = PBXBuildFile; fileRef = 033F46F5134347D600E8BCE5 /* HelpDetailViewController.xib */; };
		033F4703134349F400E8BCE5 /* capslock.jpg in Resources */ = {isa = PBXBuildFile; fileRef = 033F4702134349F400E8BCE5 /* capslock.jpg */; };
		033F470513434A9E00E8BCE5 /* custom_templates.html in Resources */ = {isa = PBXBuildFile; fileRef = 033F470413434A9E00E8BCE5 /* custom_templates.html */; };
		033F470713434C7700E8BCE5 /* general_help.html in Resources */ = {isa = PBXBuildFile; fileRef = 033F470613434C7600E8BCE5 /* general_help.html */; };
		033F470A13434DC600E8BCE5 /* 79-medical-bag.png in Resources */ = {isa = PBXBuildFile; fileRef = 033F470813434DC600E8BCE5 /* 79-medical-bag.png */; };
		033F470B13434DC600E8BCE5 /* 79-medical-bag@2x.png in Resources */ = {isa = PBXBuildFile; fileRef = 033F470913434DC600E8BCE5 /* 79-medical-bag@2x.png */; };
		0343615D1343206C008D1A69 /* PreferencesViewController.m in Sources */ = {isa = PBXBuildFile; fileRef = 0343615B1343206C008D1A69 /* PreferencesViewController.m */; };
		0343615E1343206C008D1A69 /* PreferencesViewController.xib in Resources */ = {isa = PBXBuildFile; fileRef = 0343615C1343206C008D1A69 /* PreferencesViewController.xib */; };
		0395C58513422E7C007C2A22 /* RedditShareViewController.m in Sources */ = {isa = PBXBuildFile; fileRef = 0395C58313422E7C007C2A22 /* RedditShareViewController.m */; };
		0395C58613422E7D007C2A22 /* RedditShareViewController.xib in Resources */ = {isa = PBXBuildFile; fileRef = 0395C58413422E7C007C2A22 /* RedditShareViewController.xib */; };
		0395C5BE13423622007C2A22 /* ASIAuthenticationDialog.m in Sources */ = {isa = PBXBuildFile; fileRef = 0395C58913423622007C2A22 /* ASIAuthenticationDialog.m */; };
		0395C5BF13423622007C2A22 /* ASIDataCompressor.m in Sources */ = {isa = PBXBuildFile; fileRef = 0395C58C13423622007C2A22 /* ASIDataCompressor.m */; };
		0395C5C013423622007C2A22 /* ASIDataDecompressor.m in Sources */ = {isa = PBXBuildFile; fileRef = 0395C58E13423622007C2A22 /* ASIDataDecompressor.m */; };
		0395C5C113423622007C2A22 /* ASIDownloadCache.m in Sources */ = {isa = PBXBuildFile; fileRef = 0395C59013423622007C2A22 /* ASIDownloadCache.m */; };
		0395C5C213423622007C2A22 /* ASIFormDataRequest.m in Sources */ = {isa = PBXBuildFile; fileRef = 0395C59213423622007C2A22 /* ASIFormDataRequest.m */; };
		0395C5C313423622007C2A22 /* ASIHTTPRequest.m in Sources */ = {isa = PBXBuildFile; fileRef = 0395C59413423622007C2A22 /* ASIHTTPRequest.m */; };
		0395C5C413423622007C2A22 /* ASIInputStream.m in Sources */ = {isa = PBXBuildFile; fileRef = 0395C59813423622007C2A22 /* ASIInputStream.m */; };
		0395C5C513423622007C2A22 /* ASINetworkQueue.m in Sources */ = {isa = PBXBuildFile; fileRef = 0395C59A13423622007C2A22 /* ASINetworkQueue.m */; };
		0395C5C713423622007C2A22 /* ASICloudFilesCDNRequest.m in Sources */ = {isa = PBXBuildFile; fileRef = 0395C5A113423622007C2A22 /* ASICloudFilesCDNRequest.m */; };
		0395C5C813423622007C2A22 /* ASICloudFilesContainer.m in Sources */ = {isa = PBXBuildFile; fileRef = 0395C5A313423622007C2A22 /* ASICloudFilesContainer.m */; };
		0395C5C913423622007C2A22 /* ASICloudFilesContainerRequest.m in Sources */ = {isa = PBXBuildFile; fileRef = 0395C5A513423622007C2A22 /* ASICloudFilesContainerRequest.m */; };
		0395C5CA13423622007C2A22 /* ASICloudFilesContainerXMLParserDelegate.m in Sources */ = {isa = PBXBuildFile; fileRef = 0395C5A713423622007C2A22 /* ASICloudFilesContainerXMLParserDelegate.m */; };
		0395C5CB13423622007C2A22 /* ASICloudFilesObject.m in Sources */ = {isa = PBXBuildFile; fileRef = 0395C5A913423622007C2A22 /* ASICloudFilesObject.m */; };
		0395C5CC13423622007C2A22 /* ASICloudFilesObjectRequest.m in Sources */ = {isa = PBXBuildFile; fileRef = 0395C5AB13423622007C2A22 /* ASICloudFilesObjectRequest.m */; };
		0395C5CD13423622007C2A22 /* ASICloudFilesRequest.m in Sources */ = {isa = PBXBuildFile; fileRef = 0395C5AD13423622007C2A22 /* ASICloudFilesRequest.m */; };
		0395C5CE13423622007C2A22 /* Reachability.m in Sources */ = {isa = PBXBuildFile; fileRef = 0395C5AF13423622007C2A22 /* Reachability.m */; };
		0395C5CF13423622007C2A22 /* ASIS3Bucket.m in Sources */ = {isa = PBXBuildFile; fileRef = 0395C5B313423622007C2A22 /* ASIS3Bucket.m */; };
		0395C5D013423622007C2A22 /* ASIS3BucketObject.m in Sources */ = {isa = PBXBuildFile; fileRef = 0395C5B513423622007C2A22 /* ASIS3BucketObject.m */; };
		0395C5D113423622007C2A22 /* ASIS3BucketRequest.m in Sources */ = {isa = PBXBuildFile; fileRef = 0395C5B713423622007C2A22 /* ASIS3BucketRequest.m */; };
		0395C5D213423622007C2A22 /* ASIS3ObjectRequest.m in Sources */ = {isa = PBXBuildFile; fileRef = 0395C5B913423622007C2A22 /* ASIS3ObjectRequest.m */; };
		0395C5D313423622007C2A22 /* ASIS3Request.m in Sources */ = {isa = PBXBuildFile; fileRef = 0395C5BB13423622007C2A22 /* ASIS3Request.m */; };
		0395C5D413423622007C2A22 /* ASIS3ServiceRequest.m in Sources */ = {isa = PBXBuildFile; fileRef = 0395C5BD13423622007C2A22 /* ASIS3ServiceRequest.m */; };
		0395C5D61342365C007C2A22 /* libxml2.dylib in Frameworks */ = {isa = PBXBuildFile; fileRef = 0395C5D51342365C007C2A22 /* libxml2.dylib */; };
		0395C5D813423711007C2A22 /* SystemConfiguration.framework in Frameworks */ = {isa = PBXBuildFile; fileRef = 0395C5D713423711007C2A22 /* SystemConfiguration.framework */; };
		0395C5DA13423743007C2A22 /* CFNetwork.framework in Frameworks */ = {isa = PBXBuildFile; fileRef = 0395C5D913423743007C2A22 /* CFNetwork.framework */; };
		0395C5DC13423748007C2A22 /* MobileCoreServices.framework in Frameworks */ = {isa = PBXBuildFile; fileRef = 0395C5DB13423748007C2A22 /* MobileCoreServices.framework */; };
		0395C5DE13423754007C2A22 /* libz.dylib in Frameworks */ = {isa = PBXBuildFile; fileRef = 0395C5DD13423754007C2A22 /* libz.dylib */; };
		0395C5E11342404D007C2A22 /* NSString+Slice.m in Sources */ = {isa = PBXBuildFile; fileRef = 0395C5E01342404D007C2A22 /* NSString+Slice.m */; };
		039F2B4913449ECC006A980D /* Icon.png in Resources */ = {isa = PBXBuildFile; fileRef = 039F2B4813449ECC006A980D /* Icon.png */; };
		039F2B4C13449ED2006A980D /* Icon@2x.png in Resources */ = {isa = PBXBuildFile; fileRef = 039F2B4B13449ED2006A980D /* Icon@2x.png */; };
		03B109501340780900987B77 /* UIKit.framework in Frameworks */ = {isa = PBXBuildFile; fileRef = 03B1094F1340780900987B77 /* UIKit.framework */; };
		03B109521340780900987B77 /* Foundation.framework in Frameworks */ = {isa = PBXBuildFile; fileRef = 03B109511340780900987B77 /* Foundation.framework */; };
		03B109541340780900987B77 /* CoreGraphics.framework in Frameworks */ = {isa = PBXBuildFile; fileRef = 03B109531340780900987B77 /* CoreGraphics.framework */; };
		03B1095A1340780900987B77 /* InfoPlist.strings in Resources */ = {isa = PBXBuildFile; fileRef = 03B109581340780900987B77 /* InfoPlist.strings */; };
		03B1095D1340780900987B77 /* main.m in Sources */ = {isa = PBXBuildFile; fileRef = 03B1095C1340780900987B77 /* main.m */; };
		03B109601340780900987B77 /* MemeYourselfAppDelegate.m in Sources */ = {isa = PBXBuildFile; fileRef = 03B1095F1340780900987B77 /* MemeYourselfAppDelegate.m */; };
		03B109631340780900987B77 /* MainWindow.xib in Resources */ = {isa = PBXBuildFile; fileRef = 03B109611340780900987B77 /* MainWindow.xib */; };
		03B109791340788200987B77 /* MemeArchiveViewController.m in Sources */ = {isa = PBXBuildFile; fileRef = 03B109771340788200987B77 /* MemeArchiveViewController.m */; };
		03B1097A1340788200987B77 /* MemeArchiveViewController.xib in Resources */ = {isa = PBXBuildFile; fileRef = 03B109781340788200987B77 /* MemeArchiveViewController.xib */; };
		03B1097F1340791700987B77 /* MemeCreatorViewController.m in Sources */ = {isa = PBXBuildFile; fileRef = 03B1097D1340791700987B77 /* MemeCreatorViewController.m */; };
		03B109801340791700987B77 /* MemeCreatorViewController.xib in Resources */ = {isa = PBXBuildFile; fileRef = 03B1097E1340791700987B77 /* MemeCreatorViewController.xib */; };
		03B1098B13407F5B00987B77 /* UIImageResizing.m in Sources */ = {isa = PBXBuildFile; fileRef = 03B1098A13407F5B00987B77 /* UIImageResizing.m */; };
		03B1098D13407FB200987B77 /* test.jpg in Resources */ = {isa = PBXBuildFile; fileRef = 03B1098C13407FB200987B77 /* test.jpg */; };
		03B10992134084E900987B77 /* MemeDetailViewController.m in Sources */ = {isa = PBXBuildFile; fileRef = 03B10990134084E900987B77 /* MemeDetailViewController.m */; };
		03B10993134084E900987B77 /* MemeDetailViewController.xib in Resources */ = {isa = PBXBuildFile; fileRef = 03B10991134084E900987B77 /* MemeDetailViewController.xib */; };
		03B1099713409F1F00987B77 /* MXOutlineLabel.m in Sources */ = {isa = PBXBuildFile; fileRef = 03B1099613409F1F00987B77 /* MXOutlineLabel.m */; };
		03B109A61340B16000987B77 /* SelectMemeViewController.m in Sources */ = {isa = PBXBuildFile; fileRef = 03B109A41340B16000987B77 /* SelectMemeViewController.m */; };
		03B109A71340B16000987B77 /* SelectMemeViewController.xib in Resources */ = {isa = PBXBuildFile; fileRef = 03B109A51340B16000987B77 /* SelectMemeViewController.xib */; };
		03B109AA1340B26B00987B77 /* MXUtil.m in Sources */ = {isa = PBXBuildFile; fileRef = 03B109A91340B26B00987B77 /* MXUtil.m */; };
		03B109AC1340D01000987B77 /* MessageUI.framework in Frameworks */ = {isa = PBXBuildFile; fileRef = 03B109AB1340D00F00987B77 /* MessageUI.framework */; };
		03FC1831134AF451005CF3D8 /* libAdMob.a in Frameworks */ = {isa = PBXBuildFile; fileRef = 03FC1819134AF451005CF3D8 /* libAdMob.a */; };
		03FC1832134AF451005CF3D8 /* MXAdController.m in Sources */ = {isa = PBXBuildFile; fileRef = 03FC181B134AF451005CF3D8 /* MXAdController.m */; };
		03FC1833134AF451005CF3D8 /* MXAdController_landscape.xib in Resources */ = {isa = PBXBuildFile; fileRef = 03FC181C134AF451005CF3D8 /* MXAdController_landscape.xib */; };
		03FC1834134AF451005CF3D8 /* MXAdController_portrait.xib in Resources */ = {isa = PBXBuildFile; fileRef = 03FC181D134AF451005CF3D8 /* MXAdController_portrait.xib */; };
		03FC1835134AF451005CF3D8 /* CDataScanner.m in Sources */ = {isa = PBXBuildFile; fileRef = 03FC1820134AF451005CF3D8 /* CDataScanner.m */; };
		03FC1836134AF451005CF3D8 /* CDataScanner_Extensions.m in Sources */ = {isa = PBXBuildFile; fileRef = 03FC1823134AF451005CF3D8 /* CDataScanner_Extensions.m */; };
		03FC1837134AF451005CF3D8 /* NSCharacterSet_Extensions.m in Sources */ = {isa = PBXBuildFile; fileRef = 03FC1825134AF451005CF3D8 /* NSCharacterSet_Extensions.m */; };
		03FC1838134AF451005CF3D8 /* NSDictionary_JSONExtensions.m in Sources */ = {isa = PBXBuildFile; fileRef = 03FC1827134AF451005CF3D8 /* NSDictionary_JSONExtensions.m */; };
		03FC1839134AF451005CF3D8 /* NSScanner_Extensions.m in Sources */ = {isa = PBXBuildFile; fileRef = 03FC1829134AF451005CF3D8 /* NSScanner_Extensions.m */; };
		03FC183A134AF451005CF3D8 /* CJSONDeserializer.m in Sources */ = {isa = PBXBuildFile; fileRef = 03FC182C134AF451005CF3D8 /* CJSONDeserializer.m */; };
		03FC183B134AF451005CF3D8 /* CJSONScanner.m in Sources */ = {isa = PBXBuildFile; fileRef = 03FC182E134AF451005CF3D8 /* CJSONScanner.m */; };
		03FC183C134AF451005CF3D8 /* CJSONSerializer.m in Sources */ = {isa = PBXBuildFile; fileRef = 03FC1830134AF451005CF3D8 /* CJSONSerializer.m */; };
		03FC183E134AF47D005CF3D8 /* iAd.framework in Frameworks */ = {isa = PBXBuildFile; fileRef = 03FC183D134AF47D005CF3D8 /* iAd.framework */; };
		03FC1840134AF908005CF3D8 /* QuartzCore.framework in Frameworks */ = {isa = PBXBuildFile; fileRef = 03FC183F134AF908005CF3D8 /* QuartzCore.framework */; };
		03FC1848134AF92E005CF3D8 /* MediaPlayer.framework in Frameworks */ = {isa = PBXBuildFile; fileRef = 03FC1847134AF92E005CF3D8 /* MediaPlayer.framework */; };
/* End PBXBuildFile section */

/* Begin PBXFileReference section */
		030E943B1341B5AE0007A133 /* VZUpload.h */ = {isa = PBXFileReference; fileEncoding = 4; lastKnownFileType = sourcecode.c.h; path = VZUpload.h; sourceTree = "<group>"; };
		030E943C1341B5B40007A133 /* VZUpload.m */ = {isa = PBXFileReference; fileEncoding = 4; lastKnownFileType = sourcecode.c.objc; path = VZUpload.m; sourceTree = "<group>"; };
		030E943E1341B5CF0007A133 /* NSString+Additions.h */ = {isa = PBXFileReference; fileEncoding = 4; lastKnownFileType = sourcecode.c.h; path = "NSString+Additions.h"; sourceTree = "<group>"; };
		030E943F1341B5DA0007A133 /* NSString+Additions.m */ = {isa = PBXFileReference; fileEncoding = 4; lastKnownFileType = sourcecode.c.objc; path = "NSString+Additions.m"; sourceTree = "<group>"; };
		030E94411341B5E30007A133 /* VZHtlrUpload.h */ = {isa = PBXFileReference; fileEncoding = 4; lastKnownFileType = sourcecode.c.h; path = VZHtlrUpload.h; sourceTree = "<group>"; };
		030E94421341B5E90007A133 /* VZHtlrUpload.m */ = {isa = PBXFileReference; fileEncoding = 4; lastKnownFileType = sourcecode.c.objc; path = VZHtlrUpload.m; sourceTree = "<group>"; };
		030E944B1341B9AD0007A133 /* Facebook.h */ = {isa = PBXFileReference; fileEncoding = 4; lastKnownFileType = sourcecode.c.h; path = Facebook.h; sourceTree = "<group>"; };
		030E944C1341B9AD0007A133 /* Facebook.m */ = {isa = PBXFileReference; fileEncoding = 4; lastKnownFileType = sourcecode.c.objc; path = Facebook.m; sourceTree = "<group>"; };
		030E944D1341B9AD0007A133 /* FBConnect.h */ = {isa = PBXFileReference; fileEncoding = 4; lastKnownFileType = sourcecode.c.h; path = FBConnect.h; sourceTree = "<group>"; };
		030E944E1341B9AD0007A133 /* FBDialog.bundle */ = {isa = PBXFileReference; lastKnownFileType = "wrapper.plug-in"; path = FBDialog.bundle; sourceTree = "<group>"; };
		030E944F1341B9AD0007A133 /* FBDialog.h */ = {isa = PBXFileReference; fileEncoding = 4; lastKnownFileType = sourcecode.c.h; path = FBDialog.h; sourceTree = "<group>"; };
		030E94501341B9AD0007A133 /* FBDialog.m */ = {isa = PBXFileReference; fileEncoding = 4; lastKnownFileType = sourcecode.c.objc; path = FBDialog.m; sourceTree = "<group>"; };
		030E94511341B9AD0007A133 /* FBLoginDialog.h */ = {isa = PBXFileReference; fileEncoding = 4; lastKnownFileType = sourcecode.c.h; path = FBLoginDialog.h; sourceTree = "<group>"; };
		030E94521341B9AD0007A133 /* FBLoginDialog.m */ = {isa = PBXFileReference; fileEncoding = 4; lastKnownFileType = sourcecode.c.objc; path = FBLoginDialog.m; sourceTree = "<group>"; };
		030E94531341B9AD0007A133 /* FBRequest.h */ = {isa = PBXFileReference; fileEncoding = 4; lastKnownFileType = sourcecode.c.h; path = FBRequest.h; sourceTree = "<group>"; };
		030E94541341B9AD0007A133 /* FBRequest.m */ = {isa = PBXFileReference; fileEncoding = 4; lastKnownFileType = sourcecode.c.objc; path = FBRequest.m; sourceTree = "<group>"; };
		030E94561341B9AD0007A133 /* JSON.h */ = {isa = PBXFileReference; fileEncoding = 4; lastKnownFileType = sourcecode.c.h; path = JSON.h; sourceTree = "<group>"; };
		030E94571341B9AD0007A133 /* NSObject+SBJSON.h */ = {isa = PBXFileReference; fileEncoding = 4; lastKnownFileType = sourcecode.c.h; path = "NSObject+SBJSON.h"; sourceTree = "<group>"; };
		030E94581341B9AD0007A133 /* NSObject+SBJSON.m */ = {isa = PBXFileReference; fileEncoding = 4; lastKnownFileType = sourcecode.c.objc; path = "NSObject+SBJSON.m"; sourceTree = "<group>"; };
		030E94591341B9AD0007A133 /* NSString+SBJSON.h */ = {isa = PBXFileReference; fileEncoding = 4; lastKnownFileType = sourcecode.c.h; path = "NSString+SBJSON.h"; sourceTree = "<group>"; };
		030E945A1341B9AD0007A133 /* NSString+SBJSON.m */ = {isa = PBXFileReference; fileEncoding = 4; lastKnownFileType = sourcecode.c.objc; path = "NSString+SBJSON.m"; sourceTree = "<group>"; };
		030E945B1341B9AD0007A133 /* SBJSON.h */ = {isa = PBXFileReference; fileEncoding = 4; lastKnownFileType = sourcecode.c.h; path = SBJSON.h; sourceTree = "<group>"; };
		030E945C1341B9AD0007A133 /* SBJSON.m */ = {isa = PBXFileReference; fileEncoding = 4; lastKnownFileType = sourcecode.c.objc; path = SBJSON.m; sourceTree = "<group>"; };
		030E945D1341B9AD0007A133 /* SBJsonBase.h */ = {isa = PBXFileReference; fileEncoding = 4; lastKnownFileType = sourcecode.c.h; path = SBJsonBase.h; sourceTree = "<group>"; };
		030E945E1341B9AD0007A133 /* SBJsonBase.m */ = {isa = PBXFileReference; fileEncoding = 4; lastKnownFileType = sourcecode.c.objc; path = SBJsonBase.m; sourceTree = "<group>"; };
		030E945F1341B9AD0007A133 /* SBJsonParser.h */ = {isa = PBXFileReference; fileEncoding = 4; lastKnownFileType = sourcecode.c.h; path = SBJsonParser.h; sourceTree = "<group>"; };
		030E94601341B9AD0007A133 /* SBJsonParser.m */ = {isa = PBXFileReference; fileEncoding = 4; lastKnownFileType = sourcecode.c.objc; path = SBJsonParser.m; sourceTree = "<group>"; };
		030E94611341B9AD0007A133 /* SBJsonWriter.h */ = {isa = PBXFileReference; fileEncoding = 4; lastKnownFileType = sourcecode.c.h; path = SBJsonWriter.h; sourceTree = "<group>"; };
		030E94621341B9AD0007A133 /* SBJsonWriter.m */ = {isa = PBXFileReference; fileEncoding = 4; lastKnownFileType = sourcecode.c.objc; path = SBJsonWriter.m; sourceTree = "<group>"; };
		030E94751341BCCD0007A133 /* FacebookSubmitController.h */ = {isa = PBXFileReference; fileEncoding = 4; lastKnownFileType = sourcecode.c.h; path = FacebookSubmitController.h; sourceTree = "<group>"; };
		030E94761341BCCD0007A133 /* FacebookSubmitController.mm */ = {isa = PBXFileReference; fileEncoding = 4; lastKnownFileType = sourcecode.cpp.objcpp; path = FacebookSubmitController.mm; sourceTree = "<group>"; };
		030E94771341BCCD0007A133 /* FacebookSubmitController.xib */ = {isa = PBXFileReference; fileEncoding = 4; lastKnownFileType = file.xib; path = FacebookSubmitController.xib; sourceTree = "<group>"; };
		030E947A1341BECC0007A133 /* NotificationSystem.h */ = {isa = PBXFileReference; fileEncoding = 4; lastKnownFileType = sourcecode.c.h; path = NotificationSystem.h; sourceTree = "<group>"; };
		030E947B1341BECC0007A133 /* NotificationSystem.mm */ = {isa = PBXFileReference; fileEncoding = 4; lastKnownFileType = sourcecode.cpp.objcpp; path = NotificationSystem.mm; sourceTree = "<group>"; };
		030E947E1341D07B0007A133 /* MemeTemplateViewController.h */ = {isa = PBXFileReference; fileEncoding = 4; lastKnownFileType = sourcecode.c.h; path = MemeTemplateViewController.h; sourceTree = "<group>"; };
		030E947F1341D07B0007A133 /* MemeTemplateViewController.m */ = {isa = PBXFileReference; fileEncoding = 4; lastKnownFileType = sourcecode.c.objc; path = MemeTemplateViewController.m; sourceTree = "<group>"; };
		030E94801341D07B0007A133 /* MemeTemplateViewController.xib */ = {isa = PBXFileReference; fileEncoding = 4; lastKnownFileType = file.xib; path = MemeTemplateViewController.xib; sourceTree = "<group>"; };
		030E94831341D2CF0007A133 /* templates */ = {isa = PBXFileReference; lastKnownFileType = folder; path = templates; sourceTree = "<group>"; };
		030E94861341F0430007A133 /* VZImgurUpload.h */ = {isa = PBXFileReference; fileEncoding = 4; lastKnownFileType = sourcecode.c.h; path = VZImgurUpload.h; sourceTree = "<group>"; };
		030E94871341F0430007A133 /* VZImgurUpload.m */ = {isa = PBXFileReference; fileEncoding = 4; lastKnownFileType = sourcecode.c.objc; path = VZImgurUpload.m; sourceTree = "<group>"; };
		033F46D41343340600E8BCE5 /* takeapicture.png */ = {isa = PBXFileReference; lastKnownFileType = image.png; path = takeapicture.png; sourceTree = "<group>"; };
		033F46D51343340600E8BCE5 /* takeapicture@2x.png */ = {isa = PBXFileReference; lastKnownFileType = image.png; path = "takeapicture@2x.png"; sourceTree = "<group>"; };
		033F46D9134337FC00E8BCE5 /* 20-gear2.png */ = {isa = PBXFileReference; lastKnownFileType = image.png; path = "20-gear2.png"; sourceTree = "<group>"; };
		033F46DA134337FC00E8BCE5 /* 20-gear2@2x.png */ = {isa = PBXFileReference; lastKnownFileType = image.png; path = "20-gear2@2x.png"; sourceTree = "<group>"; };
		033F46DD1343382B00E8BCE5 /* 39-spraycan.png */ = {isa = PBXFileReference; lastKnownFileType = image.png; path = "39-spraycan.png"; sourceTree = "<group>"; };
		033F46DE1343382B00E8BCE5 /* 39-spraycan@2x.png */ = {isa = PBXFileReference; lastKnownFileType = image.png; path = "39-spraycan@2x.png"; sourceTree = "<group>"; };
		033F46E1134338C700E8BCE5 /* 12-eye.png */ = {isa = PBXFileReference; lastKnownFileType = image.png; path = "12-eye.png"; sourceTree = "<group>"; };
		033F46E2134338C700E8BCE5 /* 12-eye@2x.png */ = {isa = PBXFileReference; lastKnownFileType = image.png; path = "12-eye@2x.png"; sourceTree = "<group>"; };
		033F46E5134338E800E8BCE5 /* 18-envelope.png */ = {isa = PBXFileReference; lastKnownFileType = image.png; path = "18-envelope.png"; sourceTree = "<group>"; };
		033F46E6134338E800E8BCE5 /* 18-envelope@2x.png */ = {isa = PBXFileReference; lastKnownFileType = image.png; path = "18-envelope@2x.png"; sourceTree = "<group>"; };
		033F46EA1343452A00E8BCE5 /* HelpViewController.h */ = {isa = PBXFileReference; fileEncoding = 4; lastKnownFileType = sourcecode.c.h; path = HelpViewController.h; sourceTree = "<group>"; };
		033F46EB1343452A00E8BCE5 /* HelpViewController.m */ = {isa = PBXFileReference; fileEncoding = 4; lastKnownFileType = sourcecode.c.objc; path = HelpViewController.m; sourceTree = "<group>"; };
		033F46EC1343452A00E8BCE5 /* HelpViewController.xib */ = {isa = PBXFileReference; fileEncoding = 4; lastKnownFileType = file.xib; path = HelpViewController.xib; sourceTree = "<group>"; };
		033F46F01343475C00E8BCE5 /* capslock.html */ = {isa = PBXFileReference; fileEncoding = 4; lastKnownFileType = text.html; path = capslock.html; sourceTree = "<group>"; };
		033F46F3134347D600E8BCE5 /* HelpDetailViewController.h */ = {isa = PBXFileReference; fileEncoding = 4; lastKnownFileType = sourcecode.c.h; path = HelpDetailViewController.h; sourceTree = "<group>"; };
		033F46F4134347D600E8BCE5 /* HelpDetailViewController.m */ = {isa = PBXFileReference; fileEncoding = 4; lastKnownFileType = sourcecode.c.objc; path = HelpDetailViewController.m; sourceTree = "<group>"; };
		033F46F5134347D600E8BCE5 /* HelpDetailViewController.xib */ = {isa = PBXFileReference; fileEncoding = 4; lastKnownFileType = file.xib; path = HelpDetailViewController.xib; sourceTree = "<group>"; };
		033F4702134349F400E8BCE5 /* capslock.jpg */ = {isa = PBXFileReference; lastKnownFileType = image.jpeg; path = capslock.jpg; sourceTree = "<group>"; };
		033F470413434A9E00E8BCE5 /* custom_templates.html */ = {isa = PBXFileReference; fileEncoding = 4; lastKnownFileType = text.html; path = custom_templates.html; sourceTree = "<group>"; };
		033F470613434C7600E8BCE5 /* general_help.html */ = {isa = PBXFileReference; fileEncoding = 4; lastKnownFileType = text.html; path = general_help.html; sourceTree = "<group>"; };
		033F470813434DC600E8BCE5 /* 79-medical-bag.png */ = {isa = PBXFileReference; lastKnownFileType = image.png; path = "79-medical-bag.png"; sourceTree = "<group>"; };
		033F470913434DC600E8BCE5 /* 79-medical-bag@2x.png */ = {isa = PBXFileReference; lastKnownFileType = image.png; path = "79-medical-bag@2x.png"; sourceTree = "<group>"; };
		0343615A1343206C008D1A69 /* PreferencesViewController.h */ = {isa = PBXFileReference; fileEncoding = 4; lastKnownFileType = sourcecode.c.h; path = PreferencesViewController.h; sourceTree = "<group>"; };
		0343615B1343206C008D1A69 /* PreferencesViewController.m */ = {isa = PBXFileReference; fileEncoding = 4; lastKnownFileType = sourcecode.c.objc; path = PreferencesViewController.m; sourceTree = "<group>"; };
		0343615C1343206C008D1A69 /* PreferencesViewController.xib */ = {isa = PBXFileReference; fileEncoding = 4; lastKnownFileType = file.xib; path = PreferencesViewController.xib; sourceTree = "<group>"; };
		0395C58213422E7C007C2A22 /* RedditShareViewController.h */ = {isa = PBXFileReference; fileEncoding = 4; lastKnownFileType = sourcecode.c.h; path = RedditShareViewController.h; sourceTree = "<group>"; };
		0395C58313422E7C007C2A22 /* RedditShareViewController.m */ = {isa = PBXFileReference; fileEncoding = 4; lastKnownFileType = sourcecode.c.objc; path = RedditShareViewController.m; sourceTree = "<group>"; };
		0395C58413422E7C007C2A22 /* RedditShareViewController.xib */ = {isa = PBXFileReference; fileEncoding = 4; lastKnownFileType = file.xib; path = RedditShareViewController.xib; sourceTree = "<group>"; };
		0395C58813423622007C2A22 /* ASIAuthenticationDialog.h */ = {isa = PBXFileReference; fileEncoding = 4; lastKnownFileType = sourcecode.c.h; path = ASIAuthenticationDialog.h; sourceTree = "<group>"; };
		0395C58913423622007C2A22 /* ASIAuthenticationDialog.m */ = {isa = PBXFileReference; fileEncoding = 4; lastKnownFileType = sourcecode.c.objc; path = ASIAuthenticationDialog.m; sourceTree = "<group>"; };
		0395C58A13423622007C2A22 /* ASICacheDelegate.h */ = {isa = PBXFileReference; fileEncoding = 4; lastKnownFileType = sourcecode.c.h; path = ASICacheDelegate.h; sourceTree = "<group>"; };
		0395C58B13423622007C2A22 /* ASIDataCompressor.h */ = {isa = PBXFileReference; fileEncoding = 4; lastKnownFileType = sourcecode.c.h; path = ASIDataCompressor.h; sourceTree = "<group>"; };
		0395C58C13423622007C2A22 /* ASIDataCompressor.m */ = {isa = PBXFileReference; fileEncoding = 4; lastKnownFileType = sourcecode.c.objc; path = ASIDataCompressor.m; sourceTree = "<group>"; };
		0395C58D13423622007C2A22 /* ASIDataDecompressor.h */ = {isa = PBXFileReference; fileEncoding = 4; lastKnownFileType = sourcecode.c.h; path = ASIDataDecompressor.h; sourceTree = "<group>"; };
		0395C58E13423622007C2A22 /* ASIDataDecompressor.m */ = {isa = PBXFileReference; fileEncoding = 4; lastKnownFileType = sourcecode.c.objc; path = ASIDataDecompressor.m; sourceTree = "<group>"; };
		0395C58F13423622007C2A22 /* ASIDownloadCache.h */ = {isa = PBXFileReference; fileEncoding = 4; lastKnownFileType = sourcecode.c.h; path = ASIDownloadCache.h; sourceTree = "<group>"; };
		0395C59013423622007C2A22 /* ASIDownloadCache.m */ = {isa = PBXFileReference; fileEncoding = 4; lastKnownFileType = sourcecode.c.objc; path = ASIDownloadCache.m; sourceTree = "<group>"; };
		0395C59113423622007C2A22 /* ASIFormDataRequest.h */ = {isa = PBXFileReference; fileEncoding = 4; lastKnownFileType = sourcecode.c.h; path = ASIFormDataRequest.h; sourceTree = "<group>"; };
		0395C59213423622007C2A22 /* ASIFormDataRequest.m */ = {isa = PBXFileReference; fileEncoding = 4; lastKnownFileType = sourcecode.c.objc; path = ASIFormDataRequest.m; sourceTree = "<group>"; };
		0395C59313423622007C2A22 /* ASIHTTPRequest.h */ = {isa = PBXFileReference; fileEncoding = 4; lastKnownFileType = sourcecode.c.h; path = ASIHTTPRequest.h; sourceTree = "<group>"; };
		0395C59413423622007C2A22 /* ASIHTTPRequest.m */ = {isa = PBXFileReference; fileEncoding = 4; lastKnownFileType = sourcecode.c.objc; path = ASIHTTPRequest.m; sourceTree = "<group>"; };
		0395C59513423622007C2A22 /* ASIHTTPRequestConfig.h */ = {isa = PBXFileReference; fileEncoding = 4; lastKnownFileType = sourcecode.c.h; path = ASIHTTPRequestConfig.h; sourceTree = "<group>"; };
		0395C59613423622007C2A22 /* ASIHTTPRequestDelegate.h */ = {isa = PBXFileReference; fileEncoding = 4; lastKnownFileType = sourcecode.c.h; path = ASIHTTPRequestDelegate.h; sourceTree = "<group>"; };
		0395C59713423622007C2A22 /* ASIInputStream.h */ = {isa = PBXFileReference; fileEncoding = 4; lastKnownFileType = sourcecode.c.h; path = ASIInputStream.h; sourceTree = "<group>"; };
		0395C59813423622007C2A22 /* ASIInputStream.m */ = {isa = PBXFileReference; fileEncoding = 4; lastKnownFileType = sourcecode.c.objc; path = ASIInputStream.m; sourceTree = "<group>"; };
		0395C59913423622007C2A22 /* ASINetworkQueue.h */ = {isa = PBXFileReference; fileEncoding = 4; lastKnownFileType = sourcecode.c.h; path = ASINetworkQueue.h; sourceTree = "<group>"; };
		0395C59A13423622007C2A22 /* ASINetworkQueue.m */ = {isa = PBXFileReference; fileEncoding = 4; lastKnownFileType = sourcecode.c.objc; path = ASINetworkQueue.m; sourceTree = "<group>"; };
		0395C59B13423622007C2A22 /* ASIProgressDelegate.h */ = {isa = PBXFileReference; fileEncoding = 4; lastKnownFileType = sourcecode.c.h; path = ASIProgressDelegate.h; sourceTree = "<group>"; };
		0395C5A013423622007C2A22 /* ASICloudFilesCDNRequest.h */ = {isa = PBXFileReference; fileEncoding = 4; lastKnownFileType = sourcecode.c.h; path = ASICloudFilesCDNRequest.h; sourceTree = "<group>"; };
		0395C5A113423622007C2A22 /* ASICloudFilesCDNRequest.m */ = {isa = PBXFileReference; fileEncoding = 4; lastKnownFileType = sourcecode.c.objc; path = ASICloudFilesCDNRequest.m; sourceTree = "<group>"; };
		0395C5A213423622007C2A22 /* ASICloudFilesContainer.h */ = {isa = PBXFileReference; fileEncoding = 4; lastKnownFileType = sourcecode.c.h; path = ASICloudFilesContainer.h; sourceTree = "<group>"; };
		0395C5A313423622007C2A22 /* ASICloudFilesContainer.m */ = {isa = PBXFileReference; fileEncoding = 4; lastKnownFileType = sourcecode.c.objc; path = ASICloudFilesContainer.m; sourceTree = "<group>"; };
		0395C5A413423622007C2A22 /* ASICloudFilesContainerRequest.h */ = {isa = PBXFileReference; fileEncoding = 4; lastKnownFileType = sourcecode.c.h; path = ASICloudFilesContainerRequest.h; sourceTree = "<group>"; };
		0395C5A513423622007C2A22 /* ASICloudFilesContainerRequest.m */ = {isa = PBXFileReference; fileEncoding = 4; lastKnownFileType = sourcecode.c.objc; path = ASICloudFilesContainerRequest.m; sourceTree = "<group>"; };
		0395C5A613423622007C2A22 /* ASICloudFilesContainerXMLParserDelegate.h */ = {isa = PBXFileReference; fileEncoding = 4; lastKnownFileType = sourcecode.c.h; path = ASICloudFilesContainerXMLParserDelegate.h; sourceTree = "<group>"; };
		0395C5A713423622007C2A22 /* ASICloudFilesContainerXMLParserDelegate.m */ = {isa = PBXFileReference; fileEncoding = 4; lastKnownFileType = sourcecode.c.objc; path = ASICloudFilesContainerXMLParserDelegate.m; sourceTree = "<group>"; };
		0395C5A813423622007C2A22 /* ASICloudFilesObject.h */ = {isa = PBXFileReference; fileEncoding = 4; lastKnownFileType = sourcecode.c.h; path = ASICloudFilesObject.h; sourceTree = "<group>"; };
		0395C5A913423622007C2A22 /* ASICloudFilesObject.m */ = {isa = PBXFileReference; fileEncoding = 4; lastKnownFileType = sourcecode.c.objc; path = ASICloudFilesObject.m; sourceTree = "<group>"; };
		0395C5AA13423622007C2A22 /* ASICloudFilesObjectRequest.h */ = {isa = PBXFileReference; fileEncoding = 4; lastKnownFileType = sourcecode.c.h; path = ASICloudFilesObjectRequest.h; sourceTree = "<group>"; };
		0395C5AB13423622007C2A22 /* ASICloudFilesObjectRequest.m */ = {isa = PBXFileReference; fileEncoding = 4; lastKnownFileType = sourcecode.c.objc; path = ASICloudFilesObjectRequest.m; sourceTree = "<group>"; };
		0395C5AC13423622007C2A22 /* ASICloudFilesRequest.h */ = {isa = PBXFileReference; fileEncoding = 4; lastKnownFileType = sourcecode.c.h; path = ASICloudFilesRequest.h; sourceTree = "<group>"; };
		0395C5AD13423622007C2A22 /* ASICloudFilesRequest.m */ = {isa = PBXFileReference; fileEncoding = 4; lastKnownFileType = sourcecode.c.objc; path = ASICloudFilesRequest.m; sourceTree = "<group>"; };
		0395C5AE13423622007C2A22 /* Reachability.h */ = {isa = PBXFileReference; fileEncoding = 4; lastKnownFileType = sourcecode.c.h; path = Reachability.h; sourceTree = "<group>"; };
		0395C5AF13423622007C2A22 /* Reachability.m */ = {isa = PBXFileReference; fileEncoding = 4; lastKnownFileType = sourcecode.c.objc; path = Reachability.m; sourceTree = "<group>"; };
		0395C5B113423622007C2A22 /* ASINSXMLParserCompat.h */ = {isa = PBXFileReference; fileEncoding = 4; lastKnownFileType = sourcecode.c.h; path = ASINSXMLParserCompat.h; sourceTree = "<group>"; };
		0395C5B213423622007C2A22 /* ASIS3Bucket.h */ = {isa = PBXFileReference; fileEncoding = 4; lastKnownFileType = sourcecode.c.h; path = ASIS3Bucket.h; sourceTree = "<group>"; };
		0395C5B313423622007C2A22 /* ASIS3Bucket.m */ = {isa = PBXFileReference; fileEncoding = 4; lastKnownFileType = sourcecode.c.objc; path = ASIS3Bucket.m; sourceTree = "<group>"; };
		0395C5B413423622007C2A22 /* ASIS3BucketObject.h */ = {isa = PBXFileReference; fileEncoding = 4; lastKnownFileType = sourcecode.c.h; path = ASIS3BucketObject.h; sourceTree = "<group>"; };
		0395C5B513423622007C2A22 /* ASIS3BucketObject.m */ = {isa = PBXFileReference; fileEncoding = 4; lastKnownFileType = sourcecode.c.objc; path = ASIS3BucketObject.m; sourceTree = "<group>"; };
		0395C5B613423622007C2A22 /* ASIS3BucketRequest.h */ = {isa = PBXFileReference; fileEncoding = 4; lastKnownFileType = sourcecode.c.h; path = ASIS3BucketRequest.h; sourceTree = "<group>"; };
		0395C5B713423622007C2A22 /* ASIS3BucketRequest.m */ = {isa = PBXFileReference; fileEncoding = 4; lastKnownFileType = sourcecode.c.objc; path = ASIS3BucketRequest.m; sourceTree = "<group>"; };
		0395C5B813423622007C2A22 /* ASIS3ObjectRequest.h */ = {isa = PBXFileReference; fileEncoding = 4; lastKnownFileType = sourcecode.c.h; path = ASIS3ObjectRequest.h; sourceTree = "<group>"; };
		0395C5B913423622007C2A22 /* ASIS3ObjectRequest.m */ = {isa = PBXFileReference; fileEncoding = 4; lastKnownFileType = sourcecode.c.objc; path = ASIS3ObjectRequest.m; sourceTree = "<group>"; };
		0395C5BA13423622007C2A22 /* ASIS3Request.h */ = {isa = PBXFileReference; fileEncoding = 4; lastKnownFileType = sourcecode.c.h; path = ASIS3Request.h; sourceTree = "<group>"; };
		0395C5BB13423622007C2A22 /* ASIS3Request.m */ = {isa = PBXFileReference; fileEncoding = 4; lastKnownFileType = sourcecode.c.objc; path = ASIS3Request.m; sourceTree = "<group>"; };
		0395C5BC13423622007C2A22 /* ASIS3ServiceRequest.h */ = {isa = PBXFileReference; fileEncoding = 4; lastKnownFileType = sourcecode.c.h; path = ASIS3ServiceRequest.h; sourceTree = "<group>"; };
		0395C5BD13423622007C2A22 /* ASIS3ServiceRequest.m */ = {isa = PBXFileReference; fileEncoding = 4; lastKnownFileType = sourcecode.c.objc; path = ASIS3ServiceRequest.m; sourceTree = "<group>"; };
		0395C5D51342365C007C2A22 /* libxml2.dylib */ = {isa = PBXFileReference; lastKnownFileType = "compiled.mach-o.dylib"; name = libxml2.dylib; path = usr/lib/libxml2.dylib; sourceTree = SDKROOT; };
		0395C5D713423711007C2A22 /* SystemConfiguration.framework */ = {isa = PBXFileReference; lastKnownFileType = wrapper.framework; name = SystemConfiguration.framework; path = System/Library/Frameworks/SystemConfiguration.framework; sourceTree = SDKROOT; };
		0395C5D913423743007C2A22 /* CFNetwork.framework */ = {isa = PBXFileReference; lastKnownFileType = wrapper.framework; name = CFNetwork.framework; path = System/Library/Frameworks/CFNetwork.framework; sourceTree = SDKROOT; };
		0395C5DB13423748007C2A22 /* MobileCoreServices.framework */ = {isa = PBXFileReference; lastKnownFileType = wrapper.framework; name = MobileCoreServices.framework; path = System/Library/Frameworks/MobileCoreServices.framework; sourceTree = SDKROOT; };
		0395C5DD13423754007C2A22 /* libz.dylib */ = {isa = PBXFileReference; lastKnownFileType = "compiled.mach-o.dylib"; name = libz.dylib; path = usr/lib/libz.dylib; sourceTree = SDKROOT; };
		0395C5DF13424047007C2A22 /* NSString+Slice.h */ = {isa = PBXFileReference; fileEncoding = 4; lastKnownFileType = sourcecode.c.h; path = "NSString+Slice.h"; sourceTree = "<group>"; };
		0395C5E01342404D007C2A22 /* NSString+Slice.m */ = {isa = PBXFileReference; fileEncoding = 4; lastKnownFileType = sourcecode.c.objc; path = "NSString+Slice.m"; sourceTree = "<group>"; };
		039F2B4813449ECC006A980D /* Icon.png */ = {isa = PBXFileReference; lastKnownFileType = image.png; path = Icon.png; sourceTree = "<group>"; };
		039F2B4B13449ED2006A980D /* Icon@2x.png */ = {isa = PBXFileReference; lastKnownFileType = image.png; path = "Icon@2x.png"; sourceTree = "<group>"; };
		03B1094B1340780900987B77 /* MemeYourself.app */ = {isa = PBXFileReference; explicitFileType = wrapper.application; includeInIndex = 0; path = MemeYourself.app; sourceTree = BUILT_PRODUCTS_DIR; };
		03B1094F1340780900987B77 /* UIKit.framework */ = {isa = PBXFileReference; lastKnownFileType = wrapper.framework; name = UIKit.framework; path = System/Library/Frameworks/UIKit.framework; sourceTree = SDKROOT; };
		03B109511340780900987B77 /* Foundation.framework */ = {isa = PBXFileReference; lastKnownFileType = wrapper.framework; name = Foundation.framework; path = System/Library/Frameworks/Foundation.framework; sourceTree = SDKROOT; };
		03B109531340780900987B77 /* CoreGraphics.framework */ = {isa = PBXFileReference; lastKnownFileType = wrapper.framework; name = CoreGraphics.framework; path = System/Library/Frameworks/CoreGraphics.framework; sourceTree = SDKROOT; };
		03B109571340780900987B77 /* MemeYourself-Info.plist */ = {isa = PBXFileReference; lastKnownFileType = text.plist.xml; path = "MemeYourself-Info.plist"; sourceTree = "<group>"; };
		03B109591340780900987B77 /* en */ = {isa = PBXFileReference; lastKnownFileType = text.plist.strings; name = en; path = en.lproj/InfoPlist.strings; sourceTree = "<group>"; };
		03B1095B1340780900987B77 /* MemeYourself-Prefix.pch */ = {isa = PBXFileReference; lastKnownFileType = sourcecode.c.h; path = "MemeYourself-Prefix.pch"; sourceTree = "<group>"; };
		03B1095C1340780900987B77 /* main.m */ = {isa = PBXFileReference; lastKnownFileType = sourcecode.c.objc; path = main.m; sourceTree = "<group>"; };
		03B1095E1340780900987B77 /* MemeYourselfAppDelegate.h */ = {isa = PBXFileReference; lastKnownFileType = sourcecode.c.h; path = MemeYourselfAppDelegate.h; sourceTree = "<group>"; };
		03B1095F1340780900987B77 /* MemeYourselfAppDelegate.m */ = {isa = PBXFileReference; lastKnownFileType = sourcecode.c.objc; path = MemeYourselfAppDelegate.m; sourceTree = "<group>"; };
		03B109621340780900987B77 /* en */ = {isa = PBXFileReference; lastKnownFileType = file.xib; name = en; path = en.lproj/MainWindow.xib; sourceTree = "<group>"; };
		03B109761340788200987B77 /* MemeArchiveViewController.h */ = {isa = PBXFileReference; fileEncoding = 4; lastKnownFileType = sourcecode.c.h; path = MemeArchiveViewController.h; sourceTree = "<group>"; };
		03B109771340788200987B77 /* MemeArchiveViewController.m */ = {isa = PBXFileReference; fileEncoding = 4; lastKnownFileType = sourcecode.c.objc; path = MemeArchiveViewController.m; sourceTree = "<group>"; };
		03B109781340788200987B77 /* MemeArchiveViewController.xib */ = {isa = PBXFileReference; fileEncoding = 4; lastKnownFileType = file.xib; path = MemeArchiveViewController.xib; sourceTree = "<group>"; };
		03B1097C1340791700987B77 /* MemeCreatorViewController.h */ = {isa = PBXFileReference; fileEncoding = 4; lastKnownFileType = sourcecode.c.h; path = MemeCreatorViewController.h; sourceTree = "<group>"; };
		03B1097D1340791700987B77 /* MemeCreatorViewController.m */ = {isa = PBXFileReference; fileEncoding = 4; lastKnownFileType = sourcecode.c.objc; path = MemeCreatorViewController.m; sourceTree = "<group>"; };
		03B1097E1340791700987B77 /* MemeCreatorViewController.xib */ = {isa = PBXFileReference; fileEncoding = 4; lastKnownFileType = file.xib; path = MemeCreatorViewController.xib; sourceTree = "<group>"; };
		03B1098913407F5B00987B77 /* UIImageResizing.h */ = {isa = PBXFileReference; fileEncoding = 4; lastKnownFileType = sourcecode.c.h; path = UIImageResizing.h; sourceTree = "<group>"; };
		03B1098A13407F5B00987B77 /* UIImageResizing.m */ = {isa = PBXFileReference; fileEncoding = 4; lastKnownFileType = sourcecode.c.objc; path = UIImageResizing.m; sourceTree = "<group>"; };
		03B1098C13407FB200987B77 /* test.jpg */ = {isa = PBXFileReference; lastKnownFileType = image.jpeg; path = test.jpg; sourceTree = "<group>"; };
		03B1098F134084E900987B77 /* MemeDetailViewController.h */ = {isa = PBXFileReference; fileEncoding = 4; lastKnownFileType = sourcecode.c.h; path = MemeDetailViewController.h; sourceTree = "<group>"; };
		03B10990134084E900987B77 /* MemeDetailViewController.m */ = {isa = PBXFileReference; fileEncoding = 4; lastKnownFileType = sourcecode.c.objc; path = MemeDetailViewController.m; sourceTree = "<group>"; };
		03B10991134084E900987B77 /* MemeDetailViewController.xib */ = {isa = PBXFileReference; fileEncoding = 4; lastKnownFileType = file.xib; path = MemeDetailViewController.xib; sourceTree = "<group>"; };
		03B1099513409F1F00987B77 /* MXOutlineLabel.h */ = {isa = PBXFileReference; fileEncoding = 4; lastKnownFileType = sourcecode.c.h; path = MXOutlineLabel.h; sourceTree = "<group>"; };
		03B1099613409F1F00987B77 /* MXOutlineLabel.m */ = {isa = PBXFileReference; fileEncoding = 4; lastKnownFileType = sourcecode.c.objc; path = MXOutlineLabel.m; sourceTree = "<group>"; };
		03B109A31340B16000987B77 /* SelectMemeViewController.h */ = {isa = PBXFileReference; fileEncoding = 4; lastKnownFileType = sourcecode.c.h; path = SelectMemeViewController.h; sourceTree = "<group>"; };
		03B109A41340B16000987B77 /* SelectMemeViewController.m */ = {isa = PBXFileReference; fileEncoding = 4; lastKnownFileType = sourcecode.c.objc; path = SelectMemeViewController.m; sourceTree = "<group>"; };
		03B109A51340B16000987B77 /* SelectMemeViewController.xib */ = {isa = PBXFileReference; fileEncoding = 4; lastKnownFileType = file.xib; path = SelectMemeViewController.xib; sourceTree = "<group>"; };
		03B109A81340B26B00987B77 /* MXUtil.h */ = {isa = PBXFileReference; fileEncoding = 4; lastKnownFileType = sourcecode.c.h; path = MXUtil.h; sourceTree = "<group>"; };
		03B109A91340B26B00987B77 /* MXUtil.m */ = {isa = PBXFileReference; fileEncoding = 4; lastKnownFileType = sourcecode.c.objc; path = MXUtil.m; sourceTree = "<group>"; };
		03B109AB1340D00F00987B77 /* MessageUI.framework */ = {isa = PBXFileReference; lastKnownFileType = wrapper.framework; name = MessageUI.framework; path = System/Library/Frameworks/MessageUI.framework; sourceTree = SDKROOT; };
		03FC1815134AF451005CF3D8 /* AdMobDelegateProtocol.h */ = {isa = PBXFileReference; fileEncoding = 4; lastKnownFileType = sourcecode.c.h; path = AdMobDelegateProtocol.h; sourceTree = "<group>"; };
		03FC1816134AF451005CF3D8 /* AdMobInterstitialAd.h */ = {isa = PBXFileReference; fileEncoding = 4; lastKnownFileType = sourcecode.c.h; path = AdMobInterstitialAd.h; sourceTree = "<group>"; };
		03FC1817134AF451005CF3D8 /* AdMobInterstitialDelegateProtocol.h */ = {isa = PBXFileReference; fileEncoding = 4; lastKnownFileType = sourcecode.c.h; path = AdMobInterstitialDelegateProtocol.h; sourceTree = "<group>"; };
		03FC1818134AF451005CF3D8 /* AdMobView.h */ = {isa = PBXFileReference; fileEncoding = 4; lastKnownFileType = sourcecode.c.h; path = AdMobView.h; sourceTree = "<group>"; };
		03FC1819134AF451005CF3D8 /* libAdMob.a */ = {isa = PBXFileReference; lastKnownFileType = archive.ar; path = libAdMob.a; sourceTree = "<group>"; };
		03FC181A134AF451005CF3D8 /* MXAdController.h */ = {isa = PBXFileReference; fileEncoding = 4; lastKnownFileType = sourcecode.c.h; path = MXAdController.h; sourceTree = "<group>"; };
		03FC181B134AF451005CF3D8 /* MXAdController.m */ = {isa = PBXFileReference; fileEncoding = 4; lastKnownFileType = sourcecode.c.objc; path = MXAdController.m; sourceTree = "<group>"; };
		03FC181C134AF451005CF3D8 /* MXAdController_landscape.xib */ = {isa = PBXFileReference; fileEncoding = 4; lastKnownFileType = file.xib; path = MXAdController_landscape.xib; sourceTree = "<group>"; };
		03FC181D134AF451005CF3D8 /* MXAdController_portrait.xib */ = {isa = PBXFileReference; fileEncoding = 4; lastKnownFileType = file.xib; path = MXAdController_portrait.xib; sourceTree = "<group>"; };
		03FC181F134AF451005CF3D8 /* CDataScanner.h */ = {isa = PBXFileReference; fileEncoding = 4; lastKnownFileType = sourcecode.c.h; path = CDataScanner.h; sourceTree = "<group>"; };
		03FC1820134AF451005CF3D8 /* CDataScanner.m */ = {isa = PBXFileReference; fileEncoding = 4; lastKnownFileType = sourcecode.c.objc; path = CDataScanner.m; sourceTree = "<group>"; };
		03FC1822134AF451005CF3D8 /* CDataScanner_Extensions.h */ = {isa = PBXFileReference; fileEncoding = 4; lastKnownFileType = sourcecode.c.h; path = CDataScanner_Extensions.h; sourceTree = "<group>"; };
		03FC1823134AF451005CF3D8 /* CDataScanner_Extensions.m */ = {isa = PBXFileReference; fileEncoding = 4; lastKnownFileType = sourcecode.c.objc; path = CDataScanner_Extensions.m; sourceTree = "<group>"; };
		03FC1824134AF451005CF3D8 /* NSCharacterSet_Extensions.h */ = {isa = PBXFileReference; fileEncoding = 4; lastKnownFileType = sourcecode.c.h; path = NSCharacterSet_Extensions.h; sourceTree = "<group>"; };
		03FC1825134AF451005CF3D8 /* NSCharacterSet_Extensions.m */ = {isa = PBXFileReference; fileEncoding = 4; lastKnownFileType = sourcecode.c.objc; path = NSCharacterSet_Extensions.m; sourceTree = "<group>"; };
		03FC1826134AF451005CF3D8 /* NSDictionary_JSONExtensions.h */ = {isa = PBXFileReference; fileEncoding = 4; lastKnownFileType = sourcecode.c.h; path = NSDictionary_JSONExtensions.h; sourceTree = "<group>"; };
		03FC1827134AF451005CF3D8 /* NSDictionary_JSONExtensions.m */ = {isa = PBXFileReference; fileEncoding = 4; lastKnownFileType = sourcecode.c.objc; path = NSDictionary_JSONExtensions.m; sourceTree = "<group>"; };
		03FC1828134AF451005CF3D8 /* NSScanner_Extensions.h */ = {isa = PBXFileReference; fileEncoding = 4; lastKnownFileType = sourcecode.c.h; path = NSScanner_Extensions.h; sourceTree = "<group>"; };
		03FC1829134AF451005CF3D8 /* NSScanner_Extensions.m */ = {isa = PBXFileReference; fileEncoding = 4; lastKnownFileType = sourcecode.c.objc; path = NSScanner_Extensions.m; sourceTree = "<group>"; };
		03FC182B134AF451005CF3D8 /* CJSONDeserializer.h */ = {isa = PBXFileReference; fileEncoding = 4; lastKnownFileType = sourcecode.c.h; path = CJSONDeserializer.h; sourceTree = "<group>"; };
		03FC182C134AF451005CF3D8 /* CJSONDeserializer.m */ = {isa = PBXFileReference; fileEncoding = 4; lastKnownFileType = sourcecode.c.objc; path = CJSONDeserializer.m; sourceTree = "<group>"; };
		03FC182D134AF451005CF3D8 /* CJSONScanner.h */ = {isa = PBXFileReference; fileEncoding = 4; lastKnownFileType = sourcecode.c.h; path = CJSONScanner.h; sourceTree = "<group>"; };
		03FC182E134AF451005CF3D8 /* CJSONScanner.m */ = {isa = PBXFileReference; fileEncoding = 4; lastKnownFileType = sourcecode.c.objc; path = CJSONScanner.m; sourceTree = "<group>"; };
		03FC182F134AF451005CF3D8 /* CJSONSerializer.h */ = {isa = PBXFileReference; fileEncoding = 4; lastKnownFileType = sourcecode.c.h; path = CJSONSerializer.h; sourceTree = "<group>"; };
		03FC1830134AF451005CF3D8 /* CJSONSerializer.m */ = {isa = PBXFileReference; fileEncoding = 4; lastKnownFileType = sourcecode.c.objc; path = CJSONSerializer.m; sourceTree = "<group>"; };
		03FC183D134AF47D005CF3D8 /* iAd.framework */ = {isa = PBXFileReference; lastKnownFileType = wrapper.framework; name = iAd.framework; path = System/Library/Frameworks/iAd.framework; sourceTree = SDKROOT; };
		03FC183F134AF908005CF3D8 /* QuartzCore.framework */ = {isa = PBXFileReference; lastKnownFileType = wrapper.framework; name = QuartzCore.framework; path = System/Library/Frameworks/QuartzCore.framework; sourceTree = SDKROOT; };
		03FC1847134AF92E005CF3D8 /* MediaPlayer.framework */ = {isa = PBXFileReference; lastKnownFileType = wrapper.framework; name = MediaPlayer.framework; path = System/Library/Frameworks/MediaPlayer.framework; sourceTree = SDKROOT; };
/* End PBXFileReference section */

/* Begin PBXFrameworksBuildPhase section */
		03B109481340780900987B77 /* Frameworks */ = {
			isa = PBXFrameworksBuildPhase;
			buildActionMask = 2147483647;
			files = (
				03FC1848134AF92E005CF3D8 /* MediaPlayer.framework in Frameworks */,
				03FC1840134AF908005CF3D8 /* QuartzCore.framework in Frameworks */,
				03FC183E134AF47D005CF3D8 /* iAd.framework in Frameworks */,
				0395C5DE13423754007C2A22 /* libz.dylib in Frameworks */,
				0395C5DC13423748007C2A22 /* MobileCoreServices.framework in Frameworks */,
				0395C5DA13423743007C2A22 /* CFNetwork.framework in Frameworks */,
				0395C5D813423711007C2A22 /* SystemConfiguration.framework in Frameworks */,
				0395C5D61342365C007C2A22 /* libxml2.dylib in Frameworks */,
				03B109AC1340D01000987B77 /* MessageUI.framework in Frameworks */,
				03B109501340780900987B77 /* UIKit.framework in Frameworks */,
				03B109521340780900987B77 /* Foundation.framework in Frameworks */,
				03B109541340780900987B77 /* CoreGraphics.framework in Frameworks */,
				03FC1831134AF451005CF3D8 /* libAdMob.a in Frameworks */,
			);
			runOnlyForDeploymentPostprocessing = 0;
		};
/* End PBXFrameworksBuildPhase section */

/* Begin PBXGroup section */
		030E94381341B5170007A133 /* Uploaders */ = {
			isa = PBXGroup;
			children = (
				030E94851341F0200007A133 /* imgur_anon */,
				030E943C1341B5B40007A133 /* VZUpload.m */,
				030E943B1341B5AE0007A133 /* VZUpload.h */,
				030E943A1341B51E0007A133 /* htlr.org */,
			);
			name = Uploaders;
			sourceTree = "<group>";
		};
		030E943A1341B51E0007A133 /* htlr.org */ = {
			isa = PBXGroup;
			children = (
				030E94411341B5E30007A133 /* VZHtlrUpload.h */,
				030E94421341B5E90007A133 /* VZHtlrUpload.m */,
			);
			name = htlr.org;
			sourceTree = "<group>";
		};
		030E944A1341B9AD0007A133 /* FBConnect */ = {
			isa = PBXGroup;
			children = (
				030E944B1341B9AD0007A133 /* Facebook.h */,
				030E944C1341B9AD0007A133 /* Facebook.m */,
				030E944D1341B9AD0007A133 /* FBConnect.h */,
				030E944E1341B9AD0007A133 /* FBDialog.bundle */,
				030E944F1341B9AD0007A133 /* FBDialog.h */,
				030E94501341B9AD0007A133 /* FBDialog.m */,
				030E94511341B9AD0007A133 /* FBLoginDialog.h */,
				030E94521341B9AD0007A133 /* FBLoginDialog.m */,
				030E94531341B9AD0007A133 /* FBRequest.h */,
				030E94541341B9AD0007A133 /* FBRequest.m */,
				030E94551341B9AD0007A133 /* JSON */,
			);
			path = FBConnect;
			sourceTree = "<group>";
		};
		030E94551341B9AD0007A133 /* JSON */ = {
			isa = PBXGroup;
			children = (
				030E94561341B9AD0007A133 /* JSON.h */,
				030E94571341B9AD0007A133 /* NSObject+SBJSON.h */,
				030E94581341B9AD0007A133 /* NSObject+SBJSON.m */,
				030E94591341B9AD0007A133 /* NSString+SBJSON.h */,
				030E945A1341B9AD0007A133 /* NSString+SBJSON.m */,
				030E945B1341B9AD0007A133 /* SBJSON.h */,
				030E945C1341B9AD0007A133 /* SBJSON.m */,
				030E945D1341B9AD0007A133 /* SBJsonBase.h */,
				030E945E1341B9AD0007A133 /* SBJsonBase.m */,
				030E945F1341B9AD0007A133 /* SBJsonParser.h */,
				030E94601341B9AD0007A133 /* SBJsonParser.m */,
				030E94611341B9AD0007A133 /* SBJsonWriter.h */,
				030E94621341B9AD0007A133 /* SBJsonWriter.m */,
			);
			path = JSON;
			sourceTree = "<group>";
		};
		030E94741341BCCD0007A133 /* Facebook Sumbit Controller */ = {
			isa = PBXGroup;
			children = (
				030E94751341BCCD0007A133 /* FacebookSubmitController.h */,
				030E94761341BCCD0007A133 /* FacebookSubmitController.mm */,
				030E94771341BCCD0007A133 /* FacebookSubmitController.xib */,
			);
			path = "Facebook Sumbit Controller";
			sourceTree = "<group>";
		};
		030E947D1341D0670007A133 /* Meme Template View */ = {
			isa = PBXGroup;
			children = (
				030E947E1341D07B0007A133 /* MemeTemplateViewController.h */,
				030E947F1341D07B0007A133 /* MemeTemplateViewController.m */,
				030E94801341D07B0007A133 /* MemeTemplateViewController.xib */,
			);
			name = "Meme Template View";
			sourceTree = "<group>";
		};
		030E94851341F0200007A133 /* imgur_anon */ = {
			isa = PBXGroup;
			children = (
				030E94861341F0430007A133 /* VZImgurUpload.h */,
				030E94871341F0430007A133 /* VZImgurUpload.m */,
			);
			name = imgur_anon;
			sourceTree = "<group>";
		};
		033F46E91343451300E8BCE5 /* help view controller */ = {
			isa = PBXGroup;
			children = (
				033F46F2134347BB00E8BCE5 /* help detail view controller */,
				033F46EF1343474D00E8BCE5 /* help files */,
				033F46EA1343452A00E8BCE5 /* HelpViewController.h */,
				033F46EB1343452A00E8BCE5 /* HelpViewController.m */,
				033F46EC1343452A00E8BCE5 /* HelpViewController.xib */,
			);
			name = "help view controller";
			sourceTree = "<group>";
		};
		033F46EF1343474D00E8BCE5 /* help files */ = {
			isa = PBXGroup;
			children = (
				033F4702134349F400E8BCE5 /* capslock.jpg */,
				033F46F01343475C00E8BCE5 /* capslock.html */,
				033F470413434A9E00E8BCE5 /* custom_templates.html */,
				033F470613434C7600E8BCE5 /* general_help.html */,
			);
			name = "help files";
			sourceTree = "<group>";
		};
		033F46F2134347BB00E8BCE5 /* help detail view controller */ = {
			isa = PBXGroup;
			children = (
				033F46F3134347D600E8BCE5 /* HelpDetailViewController.h */,
				033F46F4134347D600E8BCE5 /* HelpDetailViewController.m */,
				033F46F5134347D600E8BCE5 /* HelpDetailViewController.xib */,
			);
			name = "help detail view controller";
			sourceTree = "<group>";
		};
		0343615813432058008D1A69 /* Preferences View */ = {
			isa = PBXGroup;
			children = (
				0343615A1343206C008D1A69 /* PreferencesViewController.h */,
				0343615B1343206C008D1A69 /* PreferencesViewController.m */,
				0343615C1343206C008D1A69 /* PreferencesViewController.xib */,
			);
			name = "Preferences View";
			sourceTree = "<group>";
		};
		0395C58013422E63007C2A22 /* Reddit Share */ = {
			isa = PBXGroup;
			children = (
				0395C58213422E7C007C2A22 /* RedditShareViewController.h */,
				0395C58313422E7C007C2A22 /* RedditShareViewController.m */,
				0395C58413422E7C007C2A22 /* RedditShareViewController.xib */,
			);
			name = "Reddit Share";
			sourceTree = "<group>";
		};
		0395C58713423622007C2A22 /* ASIHttp */ = {
			isa = PBXGroup;
			children = (
				0395C58813423622007C2A22 /* ASIAuthenticationDialog.h */,
				0395C58913423622007C2A22 /* ASIAuthenticationDialog.m */,
				0395C58A13423622007C2A22 /* ASICacheDelegate.h */,
				0395C58B13423622007C2A22 /* ASIDataCompressor.h */,
				0395C58C13423622007C2A22 /* ASIDataCompressor.m */,
				0395C58D13423622007C2A22 /* ASIDataDecompressor.h */,
				0395C58E13423622007C2A22 /* ASIDataDecompressor.m */,
				0395C58F13423622007C2A22 /* ASIDownloadCache.h */,
				0395C59013423622007C2A22 /* ASIDownloadCache.m */,
				0395C59113423622007C2A22 /* ASIFormDataRequest.h */,
				0395C59213423622007C2A22 /* ASIFormDataRequest.m */,
				0395C59313423622007C2A22 /* ASIHTTPRequest.h */,
				0395C59413423622007C2A22 /* ASIHTTPRequest.m */,
				0395C59513423622007C2A22 /* ASIHTTPRequestConfig.h */,
				0395C59613423622007C2A22 /* ASIHTTPRequestDelegate.h */,
				0395C59713423622007C2A22 /* ASIInputStream.h */,
				0395C59813423622007C2A22 /* ASIInputStream.m */,
				0395C59913423622007C2A22 /* ASINetworkQueue.h */,
				0395C59A13423622007C2A22 /* ASINetworkQueue.m */,
				0395C59B13423622007C2A22 /* ASIProgressDelegate.h */,
				0395C59F13423622007C2A22 /* CloudFiles */,
				0395C5AE13423622007C2A22 /* Reachability.h */,
				0395C5AF13423622007C2A22 /* Reachability.m */,
				0395C5B013423622007C2A22 /* S3 */,
			);
			path = ASIHttp;
			sourceTree = "<group>";
		};
		0395C59F13423622007C2A22 /* CloudFiles */ = {
			isa = PBXGroup;
			children = (
				0395C5A013423622007C2A22 /* ASICloudFilesCDNRequest.h */,
				0395C5A113423622007C2A22 /* ASICloudFilesCDNRequest.m */,
				0395C5A213423622007C2A22 /* ASICloudFilesContainer.h */,
				0395C5A313423622007C2A22 /* ASICloudFilesContainer.m */,
				0395C5A413423622007C2A22 /* ASICloudFilesContainerRequest.h */,
				0395C5A513423622007C2A22 /* ASICloudFilesContainerRequest.m */,
				0395C5A613423622007C2A22 /* ASICloudFilesContainerXMLParserDelegate.h */,
				0395C5A713423622007C2A22 /* ASICloudFilesContainerXMLParserDelegate.m */,
				0395C5A813423622007C2A22 /* ASICloudFilesObject.h */,
				0395C5A913423622007C2A22 /* ASICloudFilesObject.m */,
				0395C5AA13423622007C2A22 /* ASICloudFilesObjectRequest.h */,
				0395C5AB13423622007C2A22 /* ASICloudFilesObjectRequest.m */,
				0395C5AC13423622007C2A22 /* ASICloudFilesRequest.h */,
				0395C5AD13423622007C2A22 /* ASICloudFilesRequest.m */,
			);
			path = CloudFiles;
			sourceTree = "<group>";
		};
		0395C5B013423622007C2A22 /* S3 */ = {
			isa = PBXGroup;
			children = (
				0395C5B113423622007C2A22 /* ASINSXMLParserCompat.h */,
				0395C5B213423622007C2A22 /* ASIS3Bucket.h */,
				0395C5B313423622007C2A22 /* ASIS3Bucket.m */,
				0395C5B413423622007C2A22 /* ASIS3BucketObject.h */,
				0395C5B513423622007C2A22 /* ASIS3BucketObject.m */,
				0395C5B613423622007C2A22 /* ASIS3BucketRequest.h */,
				0395C5B713423622007C2A22 /* ASIS3BucketRequest.m */,
				0395C5B813423622007C2A22 /* ASIS3ObjectRequest.h */,
				0395C5B913423622007C2A22 /* ASIS3ObjectRequest.m */,
				0395C5BA13423622007C2A22 /* ASIS3Request.h */,
				0395C5BB13423622007C2A22 /* ASIS3Request.m */,
				0395C5BC13423622007C2A22 /* ASIS3ServiceRequest.h */,
				0395C5BD13423622007C2A22 /* ASIS3ServiceRequest.m */,
			);
			path = S3;
			sourceTree = "<group>";
		};
		03B109401340780900987B77 = {
			isa = PBXGroup;
			children = (
				03FC1847134AF92E005CF3D8 /* MediaPlayer.framework */,
				03FC183F134AF908005CF3D8 /* QuartzCore.framework */,
				03FC183D134AF47D005CF3D8 /* iAd.framework */,
				039F2B4B13449ED2006A980D /* Icon@2x.png */,
				039F2B4813449ECC006A980D /* Icon.png */,
				0395C5DD13423754007C2A22 /* libz.dylib */,
				0395C5DB13423748007C2A22 /* MobileCoreServices.framework */,
				0395C5D913423743007C2A22 /* CFNetwork.framework */,
				0395C5D713423711007C2A22 /* SystemConfiguration.framework */,
				0395C5D51342365C007C2A22 /* libxml2.dylib */,
				03B109551340780900987B77 /* MemeYourself */,
				03B1094E1340780900987B77 /* Frameworks */,
				03B1094C1340780900987B77 /* Products */,
			);
			sourceTree = "<group>";
		};
		03B1094C1340780900987B77 /* Products */ = {
			isa = PBXGroup;
			children = (
				03B1094B1340780900987B77 /* MemeYourself.app */,
			);
			name = Products;
			sourceTree = "<group>";
		};
		03B1094E1340780900987B77 /* Frameworks */ = {
			isa = PBXGroup;
			children = (
				03B109AB1340D00F00987B77 /* MessageUI.framework */,
				03B1094F1340780900987B77 /* UIKit.framework */,
				03B109511340780900987B77 /* Foundation.framework */,
				03B109531340780900987B77 /* CoreGraphics.framework */,
			);
			name = Frameworks;
			sourceTree = "<group>";
		};
		03B109551340780900987B77 /* MemeYourself */ = {
			isa = PBXGroup;
			children = (
				033F46E91343451300E8BCE5 /* help view controller */,
				0343615813432058008D1A69 /* Preferences View */,
				0395C58013422E63007C2A22 /* Reddit Share */,
				030E94831341D2CF0007A133 /* templates */,
				030E94381341B5170007A133 /* Uploaders */,
				03B1099413409F0A00987B77 /* Outline Label */,
				03B1097B1340790500987B77 /* Meme Creator View */,
				03B109751340784800987B77 /* Archive View */,
				03B1095E1340780900987B77 /* MemeYourselfAppDelegate.h */,
				03B1095F1340780900987B77 /* MemeYourselfAppDelegate.m */,
				03B109611340780900987B77 /* MainWindow.xib */,
				03B109561340780900987B77 /* Supporting Files */,
			);
			path = MemeYourself;
			sourceTree = "<group>";
		};
		03B109561340780900987B77 /* Supporting Files */ = {
			isa = PBXGroup;
			children = (
				03FC1813134AF451005CF3D8 /* MXAdController */,
				033F470813434DC600E8BCE5 /* 79-medical-bag.png */,
				033F470913434DC600E8BCE5 /* 79-medical-bag@2x.png */,
				033F46E5134338E800E8BCE5 /* 18-envelope.png */,
				033F46E6134338E800E8BCE5 /* 18-envelope@2x.png */,
				033F46E1134338C700E8BCE5 /* 12-eye.png */,
				033F46E2134338C700E8BCE5 /* 12-eye@2x.png */,
				033F46DD1343382B00E8BCE5 /* 39-spraycan.png */,
				033F46DE1343382B00E8BCE5 /* 39-spraycan@2x.png */,
				033F46D9134337FC00E8BCE5 /* 20-gear2.png */,
				033F46DA134337FC00E8BCE5 /* 20-gear2@2x.png */,
				033F46D41343340600E8BCE5 /* takeapicture.png */,
				033F46D51343340600E8BCE5 /* takeapicture@2x.png */,
				0395C5E01342404D007C2A22 /* NSString+Slice.m */,
				0395C5DF13424047007C2A22 /* NSString+Slice.h */,
				0395C58713423622007C2A22 /* ASIHttp */,
				030E947A1341BECC0007A133 /* NotificationSystem.h */,
				030E947B1341BECC0007A133 /* NotificationSystem.mm */,
				030E94741341BCCD0007A133 /* Facebook Sumbit Controller */,
				030E944A1341B9AD0007A133 /* FBConnect */,
				030E943F1341B5DA0007A133 /* NSString+Additions.m */,
				030E943E1341B5CF0007A133 /* NSString+Additions.h */,
				03B1098C13407FB200987B77 /* test.jpg */,
				03B1098913407F5B00987B77 /* UIImageResizing.h */,
				03B1098A13407F5B00987B77 /* UIImageResizing.m */,
				03B109571340780900987B77 /* MemeYourself-Info.plist */,
				03B109581340780900987B77 /* InfoPlist.strings */,
				03B1095B1340780900987B77 /* MemeYourself-Prefix.pch */,
				03B1095C1340780900987B77 /* main.m */,
				03B109A81340B26B00987B77 /* MXUtil.h */,
				03B109A91340B26B00987B77 /* MXUtil.m */,
			);
			name = "Supporting Files";
			sourceTree = "<group>";
		};
		03B109751340784800987B77 /* Archive View */ = {
			isa = PBXGroup;
			children = (
				03B1098E134084D900987B77 /* Meme Detail View */,
				03B109761340788200987B77 /* MemeArchiveViewController.h */,
				03B109771340788200987B77 /* MemeArchiveViewController.m */,
				03B109781340788200987B77 /* MemeArchiveViewController.xib */,
			);
			name = "Archive View";
			sourceTree = "<group>";
		};
		03B1097B1340790500987B77 /* Meme Creator View */ = {
			isa = PBXGroup;
			children = (
				030E947D1341D0670007A133 /* Meme Template View */,
				03B109A21340B12700987B77 /* Select Meme View */,
				03B1097C1340791700987B77 /* MemeCreatorViewController.h */,
				03B1097D1340791700987B77 /* MemeCreatorViewController.m */,
				03B1097E1340791700987B77 /* MemeCreatorViewController.xib */,
			);
			name = "Meme Creator View";
			sourceTree = "<group>";
		};
		03B1098E134084D900987B77 /* Meme Detail View */ = {
			isa = PBXGroup;
			children = (
				03B1098F134084E900987B77 /* MemeDetailViewController.h */,
				03B10990134084E900987B77 /* MemeDetailViewController.m */,
				03B10991134084E900987B77 /* MemeDetailViewController.xib */,
			);
			name = "Meme Detail View";
			sourceTree = "<group>";
		};
		03B1099413409F0A00987B77 /* Outline Label */ = {
			isa = PBXGroup;
			children = (
				03B1099513409F1F00987B77 /* MXOutlineLabel.h */,
				03B1099613409F1F00987B77 /* MXOutlineLabel.m */,
			);
			name = "Outline Label";
			sourceTree = "<group>";
		};
		03B109A21340B12700987B77 /* Select Meme View */ = {
			isa = PBXGroup;
			children = (
				03B109A31340B16000987B77 /* SelectMemeViewController.h */,
				03B109A41340B16000987B77 /* SelectMemeViewController.m */,
				03B109A51340B16000987B77 /* SelectMemeViewController.xib */,
			);
			name = "Select Meme View";
			sourceTree = "<group>";
		};
		03FC1813134AF451005CF3D8 /* MXAdController */ = {
			isa = PBXGroup;
			children = (
				03FC1814134AF451005CF3D8 /* AdMob */,
				03FC181A134AF451005CF3D8 /* MXAdController.h */,
				03FC181B134AF451005CF3D8 /* MXAdController.m */,
				03FC181C134AF451005CF3D8 /* MXAdController_landscape.xib */,
				03FC181D134AF451005CF3D8 /* MXAdController_portrait.xib */,
				03FC181E134AF451005CF3D8 /* TouchJSON */,
			);
			path = MXAdController;
			sourceTree = "<group>";
		};
		03FC1814134AF451005CF3D8 /* AdMob */ = {
			isa = PBXGroup;
			children = (
				03FC1815134AF451005CF3D8 /* AdMobDelegateProtocol.h */,
				03FC1816134AF451005CF3D8 /* AdMobInterstitialAd.h */,
				03FC1817134AF451005CF3D8 /* AdMobInterstitialDelegateProtocol.h */,
				03FC1818134AF451005CF3D8 /* AdMobView.h */,
				03FC1819134AF451005CF3D8 /* libAdMob.a */,
			);
			path = AdMob;
			sourceTree = "<group>";
		};
		03FC181E134AF451005CF3D8 /* TouchJSON */ = {
			isa = PBXGroup;
			children = (
				03FC181F134AF451005CF3D8 /* CDataScanner.h */,
				03FC1820134AF451005CF3D8 /* CDataScanner.m */,
				03FC1821134AF451005CF3D8 /* Extensions */,
				03FC182A134AF451005CF3D8 /* JSON */,
			);
			path = TouchJSON;
			sourceTree = "<group>";
		};
		03FC1821134AF451005CF3D8 /* Extensions */ = {
			isa = PBXGroup;
			children = (
				03FC1822134AF451005CF3D8 /* CDataScanner_Extensions.h */,
				03FC1823134AF451005CF3D8 /* CDataScanner_Extensions.m */,
				03FC1824134AF451005CF3D8 /* NSCharacterSet_Extensions.h */,
				03FC1825134AF451005CF3D8 /* NSCharacterSet_Extensions.m */,
				03FC1826134AF451005CF3D8 /* NSDictionary_JSONExtensions.h */,
				03FC1827134AF451005CF3D8 /* NSDictionary_JSONExtensions.m */,
				03FC1828134AF451005CF3D8 /* NSScanner_Extensions.h */,
				03FC1829134AF451005CF3D8 /* NSScanner_Extensions.m */,
			);
			path = Extensions;
			sourceTree = "<group>";
		};
		03FC182A134AF451005CF3D8 /* JSON */ = {
			isa = PBXGroup;
			children = (
				03FC182B134AF451005CF3D8 /* CJSONDeserializer.h */,
				03FC182C134AF451005CF3D8 /* CJSONDeserializer.m */,
				03FC182D134AF451005CF3D8 /* CJSONScanner.h */,
				03FC182E134AF451005CF3D8 /* CJSONScanner.m */,
				03FC182F134AF451005CF3D8 /* CJSONSerializer.h */,
				03FC1830134AF451005CF3D8 /* CJSONSerializer.m */,
			);
			path = JSON;
			sourceTree = "<group>";
		};
/* End PBXGroup section */

/* Begin PBXNativeTarget section */
		03B1094A1340780900987B77 /* MemeYourself */ = {
			isa = PBXNativeTarget;
			buildConfigurationList = 03B109721340780A00987B77 /* Build configuration list for PBXNativeTarget "MemeYourself" */;
			buildPhases = (
				03B109471340780900987B77 /* Sources */,
				03B109481340780900987B77 /* Frameworks */,
				03B109491340780900987B77 /* Resources */,
			);
			buildRules = (
			);
			dependencies = (
			);
			name = MemeYourself;
			productName = MemeYourself;
			productReference = 03B1094B1340780900987B77 /* MemeYourself.app */;
			productType = "com.apple.product-type.application";
		};
/* End PBXNativeTarget section */

/* Begin PBXProject section */
		03B109421340780900987B77 /* Project object */ = {
			isa = PBXProject;
			buildConfigurationList = 03B109451340780900987B77 /* Build configuration list for PBXProject "MemeYourself" */;
			compatibilityVersion = "Xcode 3.2";
			developmentRegion = English;
			hasScannedForEncodings = 0;
			knownRegions = (
				en,
			);
			mainGroup = 03B109401340780900987B77;
			productRefGroup = 03B1094C1340780900987B77 /* Products */;
			projectDirPath = "";
			projectRoot = "";
			targets = (
				03B1094A1340780900987B77 /* MemeYourself */,
			);
		};
/* End PBXProject section */

/* Begin PBXResourcesBuildPhase section */
		03B109491340780900987B77 /* Resources */ = {
			isa = PBXResourcesBuildPhase;
			buildActionMask = 2147483647;
			files = (
				03B1095A1340780900987B77 /* InfoPlist.strings in Resources */,
				03B109631340780900987B77 /* MainWindow.xib in Resources */,
				03B1097A1340788200987B77 /* MemeArchiveViewController.xib in Resources */,
				03B109801340791700987B77 /* MemeCreatorViewController.xib in Resources */,
				03B1098D13407FB200987B77 /* test.jpg in Resources */,
				03B10993134084E900987B77 /* MemeDetailViewController.xib in Resources */,
				03B109A71340B16000987B77 /* SelectMemeViewController.xib in Resources */,
				030E94641341B9AD0007A133 /* FBDialog.bundle in Resources */,
				030E94791341BCCD0007A133 /* FacebookSubmitController.xib in Resources */,
				030E94821341D07B0007A133 /* MemeTemplateViewController.xib in Resources */,
				030E94841341D2D10007A133 /* templates in Resources */,
				0395C58613422E7D007C2A22 /* RedditShareViewController.xib in Resources */,
				0343615E1343206C008D1A69 /* PreferencesViewController.xib in Resources */,
				033F46D61343340600E8BCE5 /* takeapicture.png in Resources */,
				033F46D71343340600E8BCE5 /* takeapicture@2x.png in Resources */,
				033F46DB134337FC00E8BCE5 /* 20-gear2.png in Resources */,
				033F46DC134337FC00E8BCE5 /* 20-gear2@2x.png in Resources */,
				033F46DF1343382B00E8BCE5 /* 39-spraycan.png in Resources */,
				033F46E01343382B00E8BCE5 /* 39-spraycan@2x.png in Resources */,
				033F46E3134338C700E8BCE5 /* 12-eye.png in Resources */,
				033F46E4134338C700E8BCE5 /* 12-eye@2x.png in Resources */,
				033F46E7134338E800E8BCE5 /* 18-envelope.png in Resources */,
				033F46E8134338E800E8BCE5 /* 18-envelope@2x.png in Resources */,
				033F46EE1343452A00E8BCE5 /* HelpViewController.xib in Resources */,
				033F46F11343475C00E8BCE5 /* capslock.html in Resources */,
				033F46F7134347D600E8BCE5 /* HelpDetailViewController.xib in Resources */,
				033F4703134349F400E8BCE5 /* capslock.jpg in Resources */,
				033F470513434A9E00E8BCE5 /* custom_templates.html in Resources */,
				033F470713434C7700E8BCE5 /* general_help.html in Resources */,
				033F470A13434DC600E8BCE5 /* 79-medical-bag.png in Resources */,
				033F470B13434DC600E8BCE5 /* 79-medical-bag@2x.png in Resources */,
				039F2B4913449ECC006A980D /* Icon.png in Resources */,
				039F2B4C13449ED2006A980D /* Icon@2x.png in Resources */,
				03FC1833134AF451005CF3D8 /* MXAdController_landscape.xib in Resources */,
				03FC1834134AF451005CF3D8 /* MXAdController_portrait.xib in Resources */,
			);
			runOnlyForDeploymentPostprocessing = 0;
		};
/* End PBXResourcesBuildPhase section */

/* Begin PBXSourcesBuildPhase section */
		03B109471340780900987B77 /* Sources */ = {
			isa = PBXSourcesBuildPhase;
			buildActionMask = 2147483647;
			files = (
				03B1095D1340780900987B77 /* main.m in Sources */,
				03B109601340780900987B77 /* MemeYourselfAppDelegate.m in Sources */,
				03B109791340788200987B77 /* MemeArchiveViewController.m in Sources */,
				03B1097F1340791700987B77 /* MemeCreatorViewController.m in Sources */,
				03B1098B13407F5B00987B77 /* UIImageResizing.m in Sources */,
				03B10992134084E900987B77 /* MemeDetailViewController.m in Sources */,
				03B1099713409F1F00987B77 /* MXOutlineLabel.m in Sources */,
				03B109A61340B16000987B77 /* SelectMemeViewController.m in Sources */,
				03B109AA1340B26B00987B77 /* MXUtil.m in Sources */,
				030E943D1341B5B40007A133 /* VZUpload.m in Sources */,
				030E94401341B5DA0007A133 /* NSString+Additions.m in Sources */,
				030E94431341B5E90007A133 /* VZHtlrUpload.m in Sources */,
				030E94631341B9AD0007A133 /* Facebook.m in Sources */,
				030E94651341B9AD0007A133 /* FBDialog.m in Sources */,
				030E94661341B9AD0007A133 /* FBLoginDialog.m in Sources */,
				030E94671341B9AD0007A133 /* FBRequest.m in Sources */,
				030E94681341B9AD0007A133 /* NSObject+SBJSON.m in Sources */,
				030E94691341B9AD0007A133 /* NSString+SBJSON.m in Sources */,
				030E946A1341B9AD0007A133 /* SBJSON.m in Sources */,
				030E946B1341B9AD0007A133 /* SBJsonBase.m in Sources */,
				030E946C1341B9AD0007A133 /* SBJsonParser.m in Sources */,
				030E946D1341B9AD0007A133 /* SBJsonWriter.m in Sources */,
				030E94781341BCCD0007A133 /* FacebookSubmitController.mm in Sources */,
				030E947C1341BECC0007A133 /* NotificationSystem.mm in Sources */,
				030E94811341D07B0007A133 /* MemeTemplateViewController.m in Sources */,
				030E94881341F0430007A133 /* VZImgurUpload.m in Sources */,
				0395C58513422E7C007C2A22 /* RedditShareViewController.m in Sources */,
				0395C5BE13423622007C2A22 /* ASIAuthenticationDialog.m in Sources */,
				0395C5BF13423622007C2A22 /* ASIDataCompressor.m in Sources */,
				0395C5C013423622007C2A22 /* ASIDataDecompressor.m in Sources */,
				0395C5C113423622007C2A22 /* ASIDownloadCache.m in Sources */,
				0395C5C213423622007C2A22 /* ASIFormDataRequest.m in Sources */,
				0395C5C313423622007C2A22 /* ASIHTTPRequest.m in Sources */,
				0395C5C413423622007C2A22 /* ASIInputStream.m in Sources */,
				0395C5C513423622007C2A22 /* ASINetworkQueue.m in Sources */,
				0395C5C713423622007C2A22 /* ASICloudFilesCDNRequest.m in Sources */,
				0395C5C813423622007C2A22 /* ASICloudFilesContainer.m in Sources */,
				0395C5C913423622007C2A22 /* ASICloudFilesContainerRequest.m in Sources */,
				0395C5CA13423622007C2A22 /* ASICloudFilesContainerXMLParserDelegate.m in Sources */,
				0395C5CB13423622007C2A22 /* ASICloudFilesObject.m in Sources */,
				0395C5CC13423622007C2A22 /* ASICloudFilesObjectRequest.m in Sources */,
				0395C5CD13423622007C2A22 /* ASICloudFilesRequest.m in Sources */,
				0395C5CE13423622007C2A22 /* Reachability.m in Sources */,
				0395C5CF13423622007C2A22 /* ASIS3Bucket.m in Sources */,
				0395C5D013423622007C2A22 /* ASIS3BucketObject.m in Sources */,
				0395C5D113423622007C2A22 /* ASIS3BucketRequest.m in Sources */,
				0395C5D213423622007C2A22 /* ASIS3ObjectRequest.m in Sources */,
				0395C5D313423622007C2A22 /* ASIS3Request.m in Sources */,
				0395C5D413423622007C2A22 /* ASIS3ServiceRequest.m in Sources */,
				0395C5E11342404D007C2A22 /* NSString+Slice.m in Sources */,
				0343615D1343206C008D1A69 /* PreferencesViewController.m in Sources */,
				033F46ED1343452A00E8BCE5 /* HelpViewController.m in Sources */,
				033F46F6134347D600E8BCE5 /* HelpDetailViewController.m in Sources */,
				03FC1832134AF451005CF3D8 /* MXAdController.m in Sources */,
				03FC1835134AF451005CF3D8 /* CDataScanner.m in Sources */,
				03FC1836134AF451005CF3D8 /* CDataScanner_Extensions.m in Sources */,
				03FC1837134AF451005CF3D8 /* NSCharacterSet_Extensions.m in Sources */,
				03FC1838134AF451005CF3D8 /* NSDictionary_JSONExtensions.m in Sources */,
				03FC1839134AF451005CF3D8 /* NSScanner_Extensions.m in Sources */,
				03FC183A134AF451005CF3D8 /* CJSONDeserializer.m in Sources */,
				03FC183B134AF451005CF3D8 /* CJSONScanner.m in Sources */,
				03FC183C134AF451005CF3D8 /* CJSONSerializer.m in Sources */,
			);
			runOnlyForDeploymentPostprocessing = 0;
		};
/* End PBXSourcesBuildPhase section */

/* Begin PBXVariantGroup section */
		03B109581340780900987B77 /* InfoPlist.strings */ = {
			isa = PBXVariantGroup;
			children = (
				03B109591340780900987B77 /* en */,
			);
			name = InfoPlist.strings;
			sourceTree = "<group>";
		};
		03B109611340780900987B77 /* MainWindow.xib */ = {
			isa = PBXVariantGroup;
			children = (
				03B109621340780900987B77 /* en */,
			);
			name = MainWindow.xib;
			sourceTree = "<group>";
		};
/* End PBXVariantGroup section */

/* Begin XCBuildConfiguration section */
		03B109701340780A00987B77 /* Debug */ = {
			isa = XCBuildConfiguration;
			buildSettings = {
				ARCHS = "$(ARCHS_STANDARD_32_BIT)";
				"CODE_SIGN_IDENTITY[sdk=iphoneos*]" = "iPhone Developer";
				GCC_C_LANGUAGE_STANDARD = gnu99;
				GCC_OPTIMIZATION_LEVEL = 0;
				GCC_PREPROCESSOR_DEFINITIONS = DEBUG;
				GCC_SYMBOLS_PRIVATE_EXTERN = NO;
				GCC_VERSION = com.apple.compilers.llvmgcc42;
				GCC_WARN_ABOUT_RETURN_TYPE = YES;
				GCC_WARN_UNUSED_VARIABLE = YES;
				IPHONEOS_DEPLOYMENT_TARGET = 4.3;
				SDKROOT = iphoneos;
			};
			name = Debug;
		};
		03B109711340780A00987B77 /* Release */ = {
			isa = XCBuildConfiguration;
			buildSettings = {
				ARCHS = "$(ARCHS_STANDARD_32_BIT)";
				"CODE_SIGN_IDENTITY[sdk=iphoneos*]" = "iPhone Developer";
				GCC_C_LANGUAGE_STANDARD = gnu99;
				GCC_VERSION = com.apple.compilers.llvmgcc42;
				GCC_WARN_ABOUT_RETURN_TYPE = YES;
				GCC_WARN_UNUSED_VARIABLE = YES;
				IPHONEOS_DEPLOYMENT_TARGET = 4.3;
				OTHER_CFLAGS = "-DNS_BLOCK_ASSERTIONS=1";
				SDKROOT = iphoneos;
			};
			name = Release;
		};
		03B109731340780A00987B77 /* Debug */ = {
			isa = XCBuildConfiguration;
			buildSettings = {
				ALWAYS_SEARCH_USER_PATHS = NO;
				COPY_PHASE_STRIP = NO;
				GCC_DYNAMIC_NO_PIC = NO;
				GCC_PRECOMPILE_PREFIX_HEADER = YES;
				GCC_PREFIX_HEADER = "MemeYourself/MemeYourself-Prefix.pch";
				INFOPLIST_FILE = "MemeYourself/MemeYourself-Info.plist";
				LIBRARY_SEARCH_PATHS = (
					"$(inherited)",
					"\"$(SRCROOT)/MemeYourself/MXAdController/AdMob\"",
				);
				PRODUCT_NAME = "$(TARGET_NAME)";
				WRAPPER_EXTENSION = app;
			};
			name = Debug;
		};
		03B109741340780A00987B77 /* Release */ = {
			isa = XCBuildConfiguration;
			buildSettings = {
				ALWAYS_SEARCH_USER_PATHS = NO;
				COPY_PHASE_STRIP = YES;
				GCC_PRECOMPILE_PREFIX_HEADER = YES;
				GCC_PREFIX_HEADER = "MemeYourself/MemeYourself-Prefix.pch";
				INFOPLIST_FILE = "MemeYourself/MemeYourself-Info.plist";
				LIBRARY_SEARCH_PATHS = (
					"$(inherited)",
					"\"$(SRCROOT)/MemeYourself/MXAdController/AdMob\"",
				);
				PRODUCT_NAME = "$(TARGET_NAME)";
				VALIDATE_PRODUCT = YES;
				WRAPPER_EXTENSION = app;
			};
			name = Release;
		};
/* End XCBuildConfiguration section */

/* Begin XCConfigurationList section */
		03B109451340780900987B77 /* Build configuration list for PBXProject "MemeYourself" */ = {
			isa = XCConfigurationList;
			buildConfigurations = (
				03B109701340780A00987B77 /* Debug */,
				03B109711340780A00987B77 /* Release */,
			);
			defaultConfigurationIsVisible = 0;
			defaultConfigurationName = Release;
		};
		03B109721340780A00987B77 /* Build configuration list for PBXNativeTarget "MemeYourself" */ = {
			isa = XCConfigurationList;
			buildConfigurations = (
				03B109731340780A00987B77 /* Debug */,
				03B109741340780A00987B77 /* Release */,
			);
			defaultConfigurationIsVisible = 0;
			defaultConfigurationName = Release;
		};
/* End XCConfigurationList section */
	};
	rootObject = 03B109421340780900987B77 /* Project object */;
}
